Microsoft Visual Studio Solution File, Format Version 10.00
# Visual Studio 2008
Project("{8BC9CEB8-8B4A-11D0-8D11-00A0C91BC942}") = "Felix English", "EngResource\Felix English.vcproj", "{EC4FCBB9-D124-47F7-9ED1-90EB7DA49ADB}"
EndProject
Project("{8BC9CEB8-8B4A-11D0-8D11-00A0C91BC942}") = "PowerPointAssist", "..\PowerPointAssist\PowerPointAssist\PowerPointAssist.vcproj", "{57907A8C-C01C-4327-AFED-38A859425977}"
EndProject
Project("{8BC9CEB8-8B4A-11D0-8D11-00A0C91BC942}") = "WordAssist", "..\WordAssist\WordAssist\WordAssist.vcproj", "{C6F58301-0D06-4702-8C61-DEF6BD725438}"
EndProject
Project("{8BC9CEB8-8B4A-11D0-8D11-00A0C91BC942}") = "ExcelAssist", "..\ExcelAssist\ExcelAssist\ExcelAssist.vcproj", "{BA2D853D-4090-4CA0-9F77-D7D402937A40}"
EndProject
Project("{8BC9CEB8-8B4A-11D0-8D11-00A0C91BC942}") = "Felix", "Felix.vcproj", "{00E59612-791D-4E84-929A-7E77171FF913}"
EndProject
Project("{8BC9CEB8-8B4A-11D0-8D11-00A0C91BC942}") = "Felix Japanese", "JpnResource\Felix Japanese.vcproj", "{AC239BA1-74BD-42F5-8347-434F9D7D597C}"
EndProject
Project("{8BC9CEB8-8B4A-11D0-8D11-00A0C91BC942}") = "Test_WordAssist", "..\Test_WordAssist\Test_WordAssist\Test_WordAssist.vcproj", "{F5DB2C48-A3FC-487F-AFB2-83F4040870A3}"
EndProject
Project("{8BC9CEB8-8B4A-11D0-8D11-00A0C91BC942}") = "Test_Felix", "..\Test_Felix\Test_Felix.vcproj", "{A9841760-2C42-46AE-860D-2A5C647D8AD3}"
EndProject
Global
	GlobalSection(SolutionConfigurationPlatforms) = preSolution
		Debug|Any CPU = Debug|Any CPU
		Debug|Mixed Platforms = Debug|Mixed Platforms
		Debug|Win32 = Debug|Win32
		Profiler|Any CPU = Profiler|Any CPU
		Profiler|Mixed Platforms = Profiler|Mixed Platforms
		Profiler|Win32 = Profiler|Win32
		Release|Any CPU = Release|Any CPU
		Release|Mixed Platforms = Release|Mixed Platforms
		Release|Win32 = Release|Win32
		Testing|Any CPU = Testing|Any CPU
		Testing|Mixed Platforms = Testing|Mixed Platforms
		Testing|Win32 = Testing|Win32
		Unicode_Debug|Any CPU = Unicode_Debug|Any CPU
		Unicode_Debug|Mixed Platforms = Unicode_Debug|Mixed Platforms
		Unicode_Debug|Win32 = Unicode_Debug|Win32
		Unicode_Release|Any CPU = Unicode_Release|Any CPU
		Unicode_Release|Mixed Platforms = Unicode_Release|Mixed Platforms
		Unicode_Release|Win32 = Unicode_Release|Win32
	EndGlobalSection
	GlobalSection(ProjectConfigurationPlatforms) = postSolution
		{EC4FCBB9-D124-47F7-9ED1-90EB7DA49ADB}.Debug|Any CPU.ActiveCfg = Unicode_Release|Win32
		{EC4FCBB9-D124-47F7-9ED1-90EB7DA49ADB}.Debug|Mixed Platforms.ActiveCfg = Unicode_Release|Win32
		{EC4FCBB9-D124-47F7-9ED1-90EB7DA49ADB}.Debug|Mixed Platforms.Build.0 = Unicode_Release|Win32
		{EC4FCBB9-D124-47F7-9ED1-90EB7DA49ADB}.Debug|Win32.ActiveCfg = Unicode_Debug|Win32
		{EC4FCBB9-D124-47F7-9ED1-90EB7DA49ADB}.Debug|Win32.Build.0 = Unicode_Debug|Win32
		{EC4FCBB9-D124-47F7-9ED1-90EB7DA49ADB}.Profiler|Any CPU.ActiveCfg = Unicode_Release|Win32
		{EC4FCBB9-D124-47F7-9ED1-90EB7DA49ADB}.Profiler|Mixed Platforms.ActiveCfg = Unicode_Release|Win32
		{EC4FCBB9-D124-47F7-9ED1-90EB7DA49ADB}.Profiler|Mixed Platforms.Build.0 = Unicode_Release|Win32
		{EC4FCBB9-D124-47F7-9ED1-90EB7DA49ADB}.Profiler|Win32.ActiveCfg = Unicode_Release|Win32
		{EC4FCBB9-D124-47F7-9ED1-90EB7DA49ADB}.Profiler|Win32.Build.0 = Unicode_Release|Win32
		{EC4FCBB9-D124-47F7-9ED1-90EB7DA49ADB}.Release|Any CPU.ActiveCfg = Unicode_Release|Win32
		{EC4FCBB9-D124-47F7-9ED1-90EB7DA49ADB}.Release|Mixed Platforms.ActiveCfg = Unicode_Release|Win32
		{EC4FCBB9-D124-47F7-9ED1-90EB7DA49ADB}.Release|Mixed Platforms.Build.0 = Unicode_Release|Win32
		{EC4FCBB9-D124-47F7-9ED1-90EB7DA49ADB}.Release|Win32.ActiveCfg = Unicode_Release|Win32
		{EC4FCBB9-D124-47F7-9ED1-90EB7DA49ADB}.Release|Win32.Build.0 = Unicode_Release|Win32
		{EC4FCBB9-D124-47F7-9ED1-90EB7DA49ADB}.Testing|Any CPU.ActiveCfg = Unicode_Release|Win32
		{EC4FCBB9-D124-47F7-9ED1-90EB7DA49ADB}.Testing|Mixed Platforms.ActiveCfg = Unicode_Release|Win32
		{EC4FCBB9-D124-47F7-9ED1-90EB7DA49ADB}.Testing|Mixed Platforms.Build.0 = Unicode_Release|Win32
		{EC4FCBB9-D124-47F7-9ED1-90EB7DA49ADB}.Testing|Win32.ActiveCfg = Unicode_Release|Win32
		{EC4FCBB9-D124-47F7-9ED1-90EB7DA49ADB}.Testing|Win32.Build.0 = Unicode_Release|Win32
		{EC4FCBB9-D124-47F7-9ED1-90EB7DA49ADB}.Unicode_Debug|Any CPU.ActiveCfg = Unicode_Debug|Win32
		{EC4FCBB9-D124-47F7-9ED1-90EB7DA49ADB}.Unicode_Debug|Mixed Platforms.ActiveCfg = Unicode_Debug|Win32
		{EC4FCBB9-D124-47F7-9ED1-90EB7DA49ADB}.Unicode_Debug|Mixed Platforms.Build.0 = Unicode_Debug|Win32
		{EC4FCBB9-D124-47F7-9ED1-90EB7DA49ADB}.Unicode_Debug|Win32.ActiveCfg = Unicode_Debug|Win32
		{EC4FCBB9-D124-47F7-9ED1-90EB7DA49ADB}.Unicode_Debug|Win32.Build.0 = Unicode_Debug|Win32
		{EC4FCBB9-D124-47F7-9ED1-90EB7DA49ADB}.Unicode_Release|Any CPU.ActiveCfg = Unicode_Release|Win32
		{EC4FCBB9-D124-47F7-9ED1-90EB7DA49ADB}.Unicode_Release|Mixed Platforms.ActiveCfg = Unicode_Release|Win32
		{EC4FCBB9-D124-47F7-9ED1-90EB7DA49ADB}.Unicode_Release|Mixed Platforms.Build.0 = Unicode_Release|Win32
		{EC4FCBB9-D124-47F7-9ED1-90EB7DA49ADB}.Unicode_Release|Win32.ActiveCfg = Unicode_Release|Win32
		{EC4FCBB9-D124-47F7-9ED1-90EB7DA49ADB}.Unicode_Release|Win32.Build.0 = Unicode_Release|Win32
		{57907A8C-C01C-4327-AFED-38A859425977}.Debug|Any CPU.ActiveCfg = Debug|Win32
		{57907A8C-C01C-4327-AFED-38A859425977}.Debug|Mixed Platforms.ActiveCfg = Debug|Win32
		{57907A8C-C01C-4327-AFED-38A859425977}.Debug|Mixed Platforms.Build.0 = Debug|Win32
		{57907A8C-C01C-4327-AFED-38A859425977}.Debug|Win32.ActiveCfg = Debug|Win32
		{57907A8C-C01C-4327-AFED-38A859425977}.Debug|Win32.Build.0 = Debug|Win32
		{57907A8C-C01C-4327-AFED-38A859425977}.Profiler|Any CPU.ActiveCfg = Release|Win32
		{57907A8C-C01C-4327-AFED-38A859425977}.Profiler|Mixed Platforms.ActiveCfg = Release|Win32
		{57907A8C-C01C-4327-AFED-38A859425977}.Profiler|Mixed Platforms.Build.0 = Release|Win32
		{57907A8C-C01C-4327-AFED-38A859425977}.Profiler|Win32.ActiveCfg = Release|Win32
		{57907A8C-C01C-4327-AFED-38A859425977}.Profiler|Win32.Build.0 = Release|Win32
		{57907A8C-C01C-4327-AFED-38A859425977}.Release|Any CPU.ActiveCfg = Release|Win32
		{57907A8C-C01C-4327-AFED-38A859425977}.Release|Mixed Platforms.ActiveCfg = Release|Win32
		{57907A8C-C01C-4327-AFED-38A859425977}.Release|Mixed Platforms.Build.0 = Release|Win32
		{57907A8C-C01C-4327-AFED-38A859425977}.Release|Win32.ActiveCfg = Release|Win32
		{57907A8C-C01C-4327-AFED-38A859425977}.Release|Win32.Build.0 = Release|Win32
		{57907A8C-C01C-4327-AFED-38A859425977}.Testing|Any CPU.ActiveCfg = Debug|Win32
		{57907A8C-C01C-4327-AFED-38A859425977}.Testing|Mixed Platforms.ActiveCfg = Release|Win32
		{57907A8C-C01C-4327-AFED-38A859425977}.Testing|Mixed Platforms.Build.0 = Release|Win32
		{57907A8C-C01C-4327-AFED-38A859425977}.Testing|Win32.ActiveCfg = Release|Win32
		{57907A8C-C01C-4327-AFED-38A859425977}.Testing|Win32.Build.0 = Release|Win32
		{57907A8C-C01C-4327-AFED-38A859425977}.Unicode_Debug|Any CPU.ActiveCfg = Debug|Win32
		{57907A8C-C01C-4327-AFED-38A859425977}.Unicode_Debug|Mixed Platforms.ActiveCfg = Debug|Win32
		{57907A8C-C01C-4327-AFED-38A859425977}.Unicode_Debug|Mixed Platforms.Build.0 = Debug|Win32
		{57907A8C-C01C-4327-AFED-38A859425977}.Unicode_Debug|Win32.ActiveCfg = Debug|Win32
		{57907A8C-C01C-4327-AFED-38A859425977}.Unicode_Debug|Win32.Build.0 = Debug|Win32
		{57907A8C-C01C-4327-AFED-38A859425977}.Unicode_Release|Any CPU.ActiveCfg = Release|Win32
		{57907A8C-C01C-4327-AFED-38A859425977}.Unicode_Release|Mixed Platforms.ActiveCfg = Release|Win32
		{57907A8C-C01C-4327-AFED-38A859425977}.Unicode_Release|Mixed Platforms.Build.0 = Release|Win32
		{57907A8C-C01C-4327-AFED-38A859425977}.Unicode_Release|Win32.ActiveCfg = Release|Win32
		{57907A8C-C01C-4327-AFED-38A859425977}.Unicode_Release|Win32.Build.0 = Release|Win32
		{C6F58301-0D06-4702-8C61-DEF6BD725438}.Debug|Any CPU.ActiveCfg = Debug|Win32
		{C6F58301-0D06-4702-8C61-DEF6BD725438}.Debug|Mixed Platforms.ActiveCfg = Debug|Win32
		{C6F58301-0D06-4702-8C61-DEF6BD725438}.Debug|Mixed Platforms.Build.0 = Debug|Win32
		{C6F58301-0D06-4702-8C61-DEF6BD725438}.Debug|Win32.ActiveCfg = Debug|Win32
		{C6F58301-0D06-4702-8C61-DEF6BD725438}.Debug|Win32.Build.0 = Debug|Win32
		{C6F58301-0D06-4702-8C61-DEF6BD725438}.Profiler|Any CPU.ActiveCfg = Release|Win32
		{C6F58301-0D06-4702-8C61-DEF6BD725438}.Profiler|Mixed Platforms.ActiveCfg = Release|Win32
		{C6F58301-0D06-4702-8C61-DEF6BD725438}.Profiler|Mixed Platforms.Build.0 = Release|Win32
		{C6F58301-0D06-4702-8C61-DEF6BD725438}.Profiler|Win32.ActiveCfg = Release|Win32
		{C6F58301-0D06-4702-8C61-DEF6BD725438}.Profiler|Win32.Build.0 = Release|Win32
		{C6F58301-0D06-4702-8C61-DEF6BD725438}.Release|Any CPU.ActiveCfg = Release|Win32
		{C6F58301-0D06-4702-8C61-DEF6BD725438}.Release|Mixed Platforms.ActiveCfg = Release|Win32
		{C6F58301-0D06-4702-8C61-DEF6BD725438}.Release|Mixed Platforms.Build.0 = Release|Win32
		{C6F58301-0D06-4702-8C61-DEF6BD725438}.Release|Win32.ActiveCfg = Release|Win32
		{C6F58301-0D06-4702-8C61-DEF6BD725438}.Release|Win32.Build.0 = Release|Win32
		{C6F58301-0D06-4702-8C61-DEF6BD725438}.Testing|Any CPU.ActiveCfg = Debug|Win32
		{C6F58301-0D06-4702-8C61-DEF6BD725438}.Testing|Mixed Platforms.ActiveCfg = Release|Win32
		{C6F58301-0D06-4702-8C61-DEF6BD725438}.Testing|Mixed Platforms.Build.0 = Release|Win32
		{C6F58301-0D06-4702-8C61-DEF6BD725438}.Testing|Win32.ActiveCfg = Release|Win32
		{C6F58301-0D06-4702-8C61-DEF6BD725438}.Testing|Win32.Build.0 = Release|Win32
		{C6F58301-0D06-4702-8C61-DEF6BD725438}.Unicode_Debug|Any CPU.ActiveCfg = Debug|Win32
		{C6F58301-0D06-4702-8C61-DEF6BD725438}.Unicode_Debug|Mixed Platforms.ActiveCfg = Debug|Win32
		{C6F58301-0D06-4702-8C61-DEF6BD725438}.Unicode_Debug|Mixed Platforms.Build.0 = Debug|Win32
		{C6F58301-0D06-4702-8C61-DEF6BD725438}.Unicode_Debug|Win32.ActiveCfg = Debug|Win32
		{C6F58301-0D06-4702-8C61-DEF6BD725438}.Unicode_Debug|Win32.Build.0 = Debug|Win32
		{C6F58301-0D06-4702-8C61-DEF6BD725438}.Unicode_Release|Any CPU.ActiveCfg = Release|Win32
		{C6F58301-0D06-4702-8C61-DEF6BD725438}.Unicode_Release|Mixed Platforms.ActiveCfg = Release|Win32
		{C6F58301-0D06-4702-8C61-DEF6BD725438}.Unicode_Release|Mixed Platforms.Build.0 = Release|Win32
		{C6F58301-0D06-4702-8C61-DEF6BD725438}.Unicode_Release|Win32.ActiveCfg = Release|Win32
		{C6F58301-0D06-4702-8C61-DEF6BD725438}.Unicode_Release|Win32.Build.0 = Release|Win32
		{BA2D853D-4090-4CA0-9F77-D7D402937A40}.Debug|Any CPU.ActiveCfg = Debug|Win32
		{BA2D853D-4090-4CA0-9F77-D7D402937A40}.Debug|Mixed Platforms.ActiveCfg = Debug|Win32
		{BA2D853D-4090-4CA0-9F77-D7D402937A40}.Debug|Mixed Platforms.Build.0 = Debug|Win32
		{BA2D853D-4090-4CA0-9F77-D7D402937A40}.Debug|Win32.ActiveCfg = Debug|Win32
		{BA2D853D-4090-4CA0-9F77-D7D402937A40}.Debug|Win32.Build.0 = Debug|Win32
		{BA2D853D-4090-4CA0-9F77-D7D402937A40}.Profiler|Any CPU.ActiveCfg = Release|Win32
		{BA2D853D-4090-4CA0-9F77-D7D402937A40}.Profiler|Mixed Platforms.ActiveCfg = Release|Win32
		{BA2D853D-4090-4CA0-9F77-D7D402937A40}.Profiler|Mixed Platforms.Build.0 = Release|Win32
		{BA2D853D-4090-4CA0-9F77-D7D402937A40}.Profiler|Win32.ActiveCfg = Release|Win32
		{BA2D853D-4090-4CA0-9F77-D7D402937A40}.Profiler|Win32.Build.0 = Release|Win32
		{BA2D853D-4090-4CA0-9F77-D7D402937A40}.Release|Any CPU.ActiveCfg = Release|Win32
		{BA2D853D-4090-4CA0-9F77-D7D402937A40}.Release|Mixed Platforms.ActiveCfg = Release|Win32
		{BA2D853D-4090-4CA0-9F77-D7D402937A40}.Release|Mixed Platforms.Build.0 = Release|Win32
		{BA2D853D-4090-4CA0-9F77-D7D402937A40}.Release|Win32.ActiveCfg = Release|Win32
		{BA2D853D-4090-4CA0-9F77-D7D402937A40}.Release|Win32.Build.0 = Release|Win32
		{BA2D853D-4090-4CA0-9F77-D7D402937A40}.Testing|Any CPU.ActiveCfg = Debug|Win32
		{BA2D853D-4090-4CA0-9F77-D7D402937A40}.Testing|Mixed Platforms.ActiveCfg = Release|Win32
		{BA2D853D-4090-4CA0-9F77-D7D402937A40}.Testing|Mixed Platforms.Build.0 = Release|Win32
		{BA2D853D-4090-4CA0-9F77-D7D402937A40}.Testing|Win32.ActiveCfg = Release|Win32
		{BA2D853D-4090-4CA0-9F77-D7D402937A40}.Testing|Win32.Build.0 = Release|Win32
		{BA2D853D-4090-4CA0-9F77-D7D402937A40}.Unicode_Debug|Any CPU.ActiveCfg = Debug|Win32
		{BA2D853D-4090-4CA0-9F77-D7D402937A40}.Unicode_Debug|Mixed Platforms.ActiveCfg = Debug|Win32
		{BA2D853D-4090-4CA0-9F77-D7D402937A40}.Unicode_Debug|Mixed Platforms.Build.0 = Debug|Win32
		{BA2D853D-4090-4CA0-9F77-D7D402937A40}.Unicode_Debug|Win32.ActiveCfg = Debug|Win32
		{BA2D853D-4090-4CA0-9F77-D7D402937A40}.Unicode_Debug|Win32.Build.0 = Debug|Win32
		{BA2D853D-4090-4CA0-9F77-D7D402937A40}.Unicode_Release|Any CPU.ActiveCfg = Release|Win32
		{BA2D853D-4090-4CA0-9F77-D7D402937A40}.Unicode_Release|Mixed Platforms.ActiveCfg = Release|Win32
		{BA2D853D-4090-4CA0-9F77-D7D402937A40}.Unicode_Release|Mixed Platforms.Build.0 = Release|Win32
		{BA2D853D-4090-4CA0-9F77-D7D402937A40}.Unicode_Release|Win32.ActiveCfg = Release|Win32
		{BA2D853D-4090-4CA0-9F77-D7D402937A40}.Unicode_Release|Win32.Build.0 = Release|Win32
		{00E59612-791D-4E84-929A-7E77171FF913}.Debug|Any CPU.ActiveCfg = Testing|Win32
		{00E59612-791D-4E84-929A-7E77171FF913}.Debug|Mixed Platforms.ActiveCfg = Testing|Win32
		{00E59612-791D-4E84-929A-7E77171FF913}.Debug|Mixed Platforms.Build.0 = Testing|Win32
		{00E59612-791D-4E84-929A-7E77171FF913}.Debug|Win32.ActiveCfg = Unicode_Debug|Win32
		{00E59612-791D-4E84-929A-7E77171FF913}.Debug|Win32.Build.0 = Unicode_Debug|Win32
		{00E59612-791D-4E84-929A-7E77171FF913}.Profiler|Any CPU.ActiveCfg = Testing|Win32
		{00E59612-791D-4E84-929A-7E77171FF913}.Profiler|Mixed Platforms.ActiveCfg = Testing|Win32
		{00E59612-791D-4E84-929A-7E77171FF913}.Profiler|Mixed Platforms.Build.0 = Testing|Win32
		{00E59612-791D-4E84-929A-7E77171FF913}.Profiler|Win32.ActiveCfg = Testing|Win32
		{00E59612-791D-4E84-929A-7E77171FF913}.Profiler|Win32.Build.0 = Testing|Win32
		{00E59612-791D-4E84-929A-7E77171FF913}.Release|Any CPU.ActiveCfg = Testing|Win32
		{00E59612-791D-4E84-929A-7E77171FF913}.Release|Mixed Platforms.ActiveCfg = Testing|Win32
		{00E59612-791D-4E84-929A-7E77171FF913}.Release|Mixed Platforms.Build.0 = Testing|Win32
		{00E59612-791D-4E84-929A-7E77171FF913}.Release|Win32.ActiveCfg = Unicode_Release|Win32
		{00E59612-791D-4E84-929A-7E77171FF913}.Release|Win32.Build.0 = Unicode_Release|Win32
		{00E59612-791D-4E84-929A-7E77171FF913}.Testing|Any CPU.ActiveCfg = Testing|Win32
		{00E59612-791D-4E84-929A-7E77171FF913}.Testing|Mixed Platforms.ActiveCfg = Testing|Win32
		{00E59612-791D-4E84-929A-7E77171FF913}.Testing|Mixed Platforms.Build.0 = Testing|Win32
		{00E59612-791D-4E84-929A-7E77171FF913}.Testing|Win32.ActiveCfg = Testing|Win32
		{00E59612-791D-4E84-929A-7E77171FF913}.Testing|Win32.Build.0 = Testing|Win32
		{00E59612-791D-4E84-929A-7E77171FF913}.Unicode_Debug|Any CPU.ActiveCfg = Unicode_Debug|Win32
		{00E59612-791D-4E84-929A-7E77171FF913}.Unicode_Debug|Mixed Platforms.ActiveCfg = Unicode_Debug|Win32
		{00E59612-791D-4E84-929A-7E77171FF913}.Unicode_Debug|Mixed Platforms.Build.0 = Unicode_Debug|Win32
		{00E59612-791D-4E84-929A-7E77171FF913}.Unicode_Debug|Win32.ActiveCfg = Unicode_Debug|Win32
		{00E59612-791D-4E84-929A-7E77171FF913}.Unicode_Debug|Win32.Build.0 = Unicode_Debug|Win32
		{00E59612-791D-4E84-929A-7E77171FF913}.Unicode_Release|Any CPU.ActiveCfg = Unicode_Release|Win32
		{00E59612-791D-4E84-929A-7E77171FF913}.Unicode_Release|Mixed Platforms.ActiveCfg = Unicode_Release|Win32
		{00E59612-791D-4E84-929A-7E77171FF913}.Unicode_Release|Mixed Platforms.Build.0 = Unicode_Release|Win32
		{00E59612-791D-4E84-929A-7E77171FF913}.Unicode_Release|Win32.ActiveCfg = Unicode_Release|Win32
		{00E59612-791D-4E84-929A-7E77171FF913}.Unicode_Release|Win32.Build.0 = Unicode_Release|Win32
		{AC239BA1-74BD-42F5-8347-434F9D7D597C}.Debug|Any CPU.ActiveCfg = Unicode_Release|Win32
		{AC239BA1-74BD-42F5-8347-434F9D7D597C}.Debug|Mixed Platforms.ActiveCfg = Unicode_Release|Win32
		{AC239BA1-74BD-42F5-8347-434F9D7D597C}.Debug|Mixed Platforms.Build.0 = Unicode_Release|Win32
		{AC239BA1-74BD-42F5-8347-434F9D7D597C}.Debug|Win32.ActiveCfg = Unicode_Debug|Win32
		{AC239BA1-74BD-42F5-8347-434F9D7D597C}.Debug|Win32.Build.0 = Unicode_Debug|Win32
		{AC239BA1-74BD-42F5-8347-434F9D7D597C}.Profiler|Any CPU.ActiveCfg = Unicode_Release|Win32
		{AC239BA1-74BD-42F5-8347-434F9D7D597C}.Profiler|Mixed Platforms.ActiveCfg = Unicode_Release|Win32
		{AC239BA1-74BD-42F5-8347-434F9D7D597C}.Profiler|Mixed Platforms.Build.0 = Unicode_Release|Win32
		{AC239BA1-74BD-42F5-8347-434F9D7D597C}.Profiler|Win32.ActiveCfg = Unicode_Release|Win32
		{AC239BA1-74BD-42F5-8347-434F9D7D597C}.Profiler|Win32.Build.0 = Unicode_Release|Win32
		{AC239BA1-74BD-42F5-8347-434F9D7D597C}.Release|Any CPU.ActiveCfg = Unicode_Release|Win32
		{AC239BA1-74BD-42F5-8347-434F9D7D597C}.Release|Mixed Platforms.ActiveCfg = Unicode_Release|Win32
		{AC239BA1-74BD-42F5-8347-434F9D7D597C}.Release|Mixed Platforms.Build.0 = Unicode_Release|Win32
		{AC239BA1-74BD-42F5-8347-434F9D7D597C}.Release|Win32.ActiveCfg = Unicode_Release|Win32
		{AC239BA1-74BD-42F5-8347-434F9D7D597C}.Release|Win32.Build.0 = Unicode_Release|Win32
		{AC239BA1-74BD-42F5-8347-434F9D7D597C}.Testing|Any CPU.ActiveCfg = Unicode_Release|Win32
		{AC239BA1-74BD-42F5-8347-434F9D7D597C}.Testing|Mixed Platforms.ActiveCfg = Unicode_Release|Win32
		{AC239BA1-74BD-42F5-8347-434F9D7D597C}.Testing|Mixed Platforms.Build.0 = Unicode_Release|Win32
		{AC239BA1-74BD-42F5-8347-434F9D7D597C}.Testing|Win32.ActiveCfg = Unicode_Release|Win32
		{AC239BA1-74BD-42F5-8347-434F9D7D597C}.Testing|Win32.Build.0 = Unicode_Release|Win32
		{AC239BA1-74BD-42F5-8347-434F9D7D597C}.Unicode_Debug|Any CPU.ActiveCfg = Unicode_Debug|Win32
		{AC239BA1-74BD-42F5-8347-434F9D7D597C}.Unicode_Debug|Mixed Platforms.ActiveCfg = Unicode_Debug|Win32
		{AC239BA1-74BD-42F5-8347-434F9D7D597C}.Unicode_Debug|Mixed Platforms.Build.0 = Unicode_Debug|Win32
		{AC239BA1-74BD-42F5-8347-434F9D7D597C}.Unicode_Debug|Win32.ActiveCfg = Unicode_Debug|Win32
		{AC239BA1-74BD-42F5-8347-434F9D7D597C}.Unicode_Debug|Win32.Build.0 = Unicode_Debug|Win32
		{AC239BA1-74BD-42F5-8347-434F9D7D597C}.Unicode_Release|Any CPU.ActiveCfg = Unicode_Release|Win32
		{AC239BA1-74BD-42F5-8347-434F9D7D597C}.Unicode_Release|Mixed Platforms.ActiveCfg = Unicode_Release|Win32
		{AC239BA1-74BD-42F5-8347-434F9D7D597C}.Unicode_Release|Mixed Platforms.Build.0 = Unicode_Release|Win32
		{AC239BA1-74BD-42F5-8347-434F9D7D597C}.Unicode_Release|Win32.ActiveCfg = Unicode_Release|Win32
		{AC239BA1-74BD-42F5-8347-434F9D7D597C}.Unicode_Release|Win32.Build.0 = Unicode_Release|Win32
		{F5DB2C48-A3FC-487F-AFB2-83F4040870A3}.Debug|Any CPU.ActiveCfg = Debug|Win32
		{F5DB2C48-A3FC-487F-AFB2-83F4040870A3}.Debug|Mixed Platforms.ActiveCfg = Debug|Win32
		{F5DB2C48-A3FC-487F-AFB2-83F4040870A3}.Debug|Mixed Platforms.Build.0 = Debug|Win32
		{F5DB2C48-A3FC-487F-AFB2-83F4040870A3}.Debug|Win32.ActiveCfg = Debug|Win32
		{F5DB2C48-A3FC-487F-AFB2-83F4040870A3}.Debug|Win32.Build.0 = Debug|Win32
		{F5DB2C48-A3FC-487F-AFB2-83F4040870A3}.Profiler|Any CPU.ActiveCfg = Release|Win32
		{F5DB2C48-A3FC-487F-AFB2-83F4040870A3}.Profiler|Mixed Platforms.ActiveCfg = Release|Win32
		{F5DB2C48-A3FC-487F-AFB2-83F4040870A3}.Profiler|Mixed Platforms.Build.0 = Release|Win32
		{F5DB2C48-A3FC-487F-AFB2-83F4040870A3}.Profiler|Win32.ActiveCfg = Release|Win32
		{F5DB2C48-A3FC-487F-AFB2-83F4040870A3}.Profiler|Win32.Build.0 = Release|Win32
		{F5DB2C48-A3FC-487F-AFB2-83F4040870A3}.Release|Any CPU.ActiveCfg = Release|Win32
		{F5DB2C48-A3FC-487F-AFB2-83F4040870A3}.Release|Mixed Platforms.ActiveCfg = Release|Win32
		{F5DB2C48-A3FC-487F-AFB2-83F4040870A3}.Release|Mixed Platforms.Build.0 = Release|Win32
		{F5DB2C48-A3FC-487F-AFB2-83F4040870A3}.Release|Win32.ActiveCfg = Release|Win32
		{F5DB2C48-A3FC-487F-AFB2-83F4040870A3}.Release|Win32.Build.0 = Release|Win32
		{F5DB2C48-A3FC-487F-AFB2-83F4040870A3}.Testing|Any CPU.ActiveCfg = Release|Win32
		{F5DB2C48-A3FC-487F-AFB2-83F4040870A3}.Testing|Mixed Platforms.ActiveCfg = Debug|Win32
		{F5DB2C48-A3FC-487F-AFB2-83F4040870A3}.Testing|Mixed Platforms.Build.0 = Debug|Win32
		{F5DB2C48-A3FC-487F-AFB2-83F4040870A3}.Testing|Win32.ActiveCfg = Release|Win32
		{F5DB2C48-A3FC-487F-AFB2-83F4040870A3}.Testing|Win32.Build.0 = Release|Win32
		{F5DB2C48-A3FC-487F-AFB2-83F4040870A3}.Unicode_Debug|Any CPU.ActiveCfg = Debug|Win32
		{F5DB2C48-A3FC-487F-AFB2-83F4040870A3}.Unicode_Debug|Mixed Platforms.ActiveCfg = Debug|Win32
		{F5DB2C48-A3FC-487F-AFB2-83F4040870A3}.Unicode_Debug|Mixed Platforms.Build.0 = Debug|Win32
		{F5DB2C48-A3FC-487F-AFB2-83F4040870A3}.Unicode_Debug|Win32.ActiveCfg = Debug|Win32
		{F5DB2C48-A3FC-487F-AFB2-83F4040870A3}.Unicode_Debug|Win32.Build.0 = Debug|Win32
		{F5DB2C48-A3FC-487F-AFB2-83F4040870A3}.Unicode_Release|Any CPU.ActiveCfg = Release|Win32
		{F5DB2C48-A3FC-487F-AFB2-83F4040870A3}.Unicode_Release|Mixed Platforms.ActiveCfg = Release|Win32
		{F5DB2C48-A3FC-487F-AFB2-83F4040870A3}.Unicode_Release|Mixed Platforms.Build.0 = Release|Win32
		{F5DB2C48-A3FC-487F-AFB2-83F4040870A3}.Unicode_Release|Win32.ActiveCfg = Release|Win32
		{F5DB2C48-A3FC-487F-AFB2-83F4040870A3}.Unicode_Release|Win32.Build.0 = Release|Win32
		{A9841760-2C42-46AE-860D-2A5C647D8AD3}.Debug|Any CPU.ActiveCfg = Debug|Win32
		{A9841760-2C42-46AE-860D-2A5C647D8AD3}.Debug|Mixed Platforms.ActiveCfg = Debug|Win32
		{A9841760-2C42-46AE-860D-2A5C647D8AD3}.Debug|Mixed Platforms.Build.0 = Debug|Win32
		{A9841760-2C42-46AE-860D-2A5C647D8AD3}.Debug|Win32.ActiveCfg = Debug|Win32
		{A9841760-2C42-46AE-860D-2A5C647D8AD3}.Debug|Win32.Build.0 = Debug|Win32
		{A9841760-2C42-46AE-860D-2A5C647D8AD3}.Profiler|Any CPU.ActiveCfg = Release|Win32
		{A9841760-2C42-46AE-860D-2A5C647D8AD3}.Profiler|Mixed Platforms.ActiveCfg = Release|Win32
		{A9841760-2C42-46AE-860D-2A5C647D8AD3}.Profiler|Mixed Platforms.Build.0 = Release|Win32
		{A9841760-2C42-46AE-860D-2A5C647D8AD3}.Profiler|Win32.ActiveCfg = Release|Win32
		{A9841760-2C42-46AE-860D-2A5C647D8AD3}.Profiler|Win32.Build.0 = Release|Win32
		{A9841760-2C42-46AE-860D-2A5C647D8AD3}.Release|Any CPU.ActiveCfg = Release|Win32
		{A9841760-2C42-46AE-860D-2A5C647D8AD3}.Release|Mixed Platforms.ActiveCfg = Release|Win32
		{A9841760-2C42-46AE-860D-2A5C647D8AD3}.Release|Mixed Platforms.Build.0 = Release|Win32
		{A9841760-2C42-46AE-860D-2A5C647D8AD3}.Release|Win32.ActiveCfg = Release|Win32
		{A9841760-2C42-46AE-860D-2A5C647D8AD3}.Release|Win32.Build.0 = Release|Win32
		{A9841760-2C42-46AE-860D-2A5C647D8AD3}.Testing|Any CPU.ActiveCfg = Release|Win32
		{A9841760-2C42-46AE-860D-2A5C647D8AD3}.Testing|Mixed Platforms.ActiveCfg = Debug|Win32
		{A9841760-2C42-46AE-860D-2A5C647D8AD3}.Testing|Mixed Platforms.Build.0 = Debug|Win32
		{A9841760-2C42-46AE-860D-2A5C647D8AD3}.Testing|Win32.ActiveCfg = Release|Win32
		{A9841760-2C42-46AE-860D-2A5C647D8AD3}.Testing|Win32.Build.0 = Release|Win32
		{A9841760-2C42-46AE-860D-2A5C647D8AD3}.Unicode_Debug|Any CPU.ActiveCfg = Debug|Win32
		{A9841760-2C42-46AE-860D-2A5C647D8AD3}.Unicode_Debug|Mixed Platforms.ActiveCfg = Debug|Win32
		{A9841760-2C42-46AE-860D-2A5C647D8AD3}.Unicode_Debug|Mixed Platforms.Build.0 = Debug|Win32
		{A9841760-2C42-46AE-860D-2A5C647D8AD3}.Unicode_Debug|Win32.ActiveCfg = Debug|Win32
		{A9841760-2C42-46AE-860D-2A5C647D8AD3}.Unicode_Debug|Win32.Build.0 = Debug|Win32
		{A9841760-2C42-46AE-860D-2A5C647D8AD3}.Unicode_Release|Any CPU.ActiveCfg = Release|Win32
		{A9841760-2C42-46AE-860D-2A5C647D8AD3}.Unicode_Release|Mixed Platforms.ActiveCfg = Release|Win32
		{A9841760-2C42-46AE-860D-2A5C647D8AD3}.Unicode_Release|Mixed Platforms.Build.0 = Release|Win32
		{A9841760-2C42-46AE-860D-2A5C647D8AD3}.Unicode_Release|Win32.ActiveCfg = Release|Win32
		{A9841760-2C42-46AE-860D-2A5C647D8AD3}.Unicode_Release|Win32.Build.0 = Release|Win32
	EndGlobalSection
	GlobalSection(SolutionProperties) = preSolution
		HideSolutionNode = FALSE
	EndGlobalSection
EndGlobal
