<?xml version="1.0" encoding="utf-8"?>
<Project ToolsVersion="4.0" xmlns="http://schemas.microsoft.com/developer/msbuild/2003">
  <ItemGroup>
    <Filter Include="Source Files">
      <UniqueIdentifier>{cc294249-5967-4573-af71-9d571d7b0b3c}</UniqueIdentifier>
      <Extensions>cpp;c;cxx;rc;def;r;odl;idl;hpj;bat</Extensions>
    </Filter>
    <Filter Include="Source Files\tests">
      <UniqueIdentifier>{6d3a042d-93e3-4e49-8caf-9a81803d3a04}</UniqueIdentifier>
    </Filter>
    <Filter Include="Header Files">
      <UniqueIdentifier>{05860899-d949-4df1-a676-45e3988d04ad}</UniqueIdentifier>
      <Extensions>h;hpp;hxx;hm;inl</Extensions>
    </Filter>
    <Filter Include="Header Files\fake">
      <UniqueIdentifier>{75997ef0-2259-4dab-a73e-aa996f0b849c}</UniqueIdentifier>
    </Filter>
    <Filter Include="Resource Files">
      <UniqueIdentifier>{d0419d31-8578-476a-8bbe-1d04d53505df}</UniqueIdentifier>
      <Extensions>ico;cur;bmp;dlg;rc2;rct;bin;rgs;gif;jpg;jpeg;jpe</Extensions>
    </Filter>
  </ItemGroup>
  <ItemGroup>
    <ClCompile Include="AdvancedMemMgrDlg.cpp">
      <Filter>Source Files</Filter>
    </ClCompile>
    <ClCompile Include="App.cpp">
      <Filter>Source Files</Filter>
    </ClCompile>
    <ClCompile Include="App2.cpp">
      <Filter>Source Files</Filter>
    </ClCompile>
    <ClCompile Include="charset_info.cpp">
      <Filter>Source Files</Filter>
    </ClCompile>
    <ClCompile Include="..\..\MyLibrary\ColorRef.cpp">
      <Filter>Source Files</Filter>
    </ClCompile>
    <ClCompile Include="CommonWindowFunctionality.cpp">
      <Filter>Source Files</Filter>
    </ClCompile>
    <ClCompile Include="ComRecord.cpp">
      <Filter>Source Files</Filter>
    </ClCompile>
    <ClCompile Include="ConcordanceDialog.cpp">
      <Filter>Source Files</Filter>
    </ClCompile>
    <ClCompile Include="ConnectionDlg.cpp">
      <Filter>Source Files</Filter>
    </ClCompile>
    <ClCompile Include="ContentPresenter.cpp">
      <Filter>Source Files</Filter>
    </ClCompile>
    <ClCompile Include="ContentPresenterAddedTrans.cpp">
      <Filter>Source Files</Filter>
    </ClCompile>
    <ClCompile Include="data_converter.cpp">
      <Filter>Source Files</Filter>
    </ClCompile>
    <ClCompile Include="data_exporter.cpp">
      <Filter>Source Files</Filter>
    </ClCompile>
    <ClCompile Include="data_importer.cpp">
      <Filter>Source Files</Filter>
    </ClCompile>
    <ClCompile Include="DemoException.cpp">
      <Filter>Source Files</Filter>
    </ClCompile>
    <ClCompile Include="..\..\MyLibrary\distance.cpp">
      <Filter>Source Files</Filter>
    </ClCompile>
    <ClCompile Include="document_wrapper.cpp">
      <Filter>Source Files</Filter>
    </ClCompile>
    <ClCompile Include="..\..\MyLibrary\xpmenu\Draw.cpp">
      <Filter>Source Files</Filter>
    </ClCompile>
    <ClCompile Include="Drop.cpp">
      <Filter>Source Files</Filter>
    </ClCompile>
    <ClCompile Include="EditModeFindDlg.cpp">
      <Filter>Source Files</Filter>
    </ClCompile>
    <ClCompile Include="EditTransRecordDialog.cpp">
      <Filter>Source Files</Filter>
    </ClCompile>
    <ClCompile Include="EditTransRecordDialogModal.cpp">
      <Filter>Source Files</Filter>
    </ClCompile>
    <ClCompile Include="EditTransRecordDialogRegGloss.cpp">
      <Filter>Source Files</Filter>
    </ClCompile>
    <ClCompile Include="element_wrapper.cpp">
      <Filter>Source Files</Filter>
    </ClCompile>
    <ClCompile Include="ExcelExporter.cpp">
      <Filter>Source Files</Filter>
    </ClCompile>
    <ClCompile Include="..\..\MyLibrary\Exceptions.cpp">
      <Filter>Source Files</Filter>
    </ClCompile>
    <ClCompile Include="ExtraStringsView.cpp">
      <Filter>Source Files</Filter>
    </ClCompile>
    <ClCompile Include="Felix.cpp">
      <Filter>Source Files</Filter>
    </ClCompile>
    <ClCompile Include="felix_cl_options.cpp">
      <Filter>Source Files</Filter>
    </ClCompile>
    <ClCompile Include="Felix_properties.cpp">
      <Filter>Source Files</Filter>
    </ClCompile>
    <ClCompile Include="FelixMemDocUIHandler.cpp">
      <Filter>Source Files</Filter>
    </ClCompile>
    <ClCompile Include="FileOpHandler.cpp">
      <Filter>Source Files</Filter>
    </ClCompile>
    <ClCompile Include="FindDlg.cpp">
      <Filter>Source Files</Filter>
    </ClCompile>
    <ClCompile Include="font_tabulator.cpp">
      <Filter>Source Files</Filter>
    </ClCompile>
    <ClCompile Include="GlossaryDialog.cpp">
      <Filter>Source Files</Filter>
    </ClCompile>
    <ClCompile Include="HrefTags.cpp">
      <Filter>Source Files</Filter>
    </ClCompile>
    <ClCompile Include="HtmlDocColorSetter.cpp">
      <Filter>Source Files</Filter>
    </ClCompile>
    <ClCompile Include="..\..\MyLibrary\HtmlDocument.cpp">
      <Filter>Source Files</Filter>
    </ClCompile>
    <ClCompile Include="..\..\MyLibrary\HtmlView.cpp">
      <Filter>Source Files</Filter>
    </ClCompile>
    <ClCompile Include="ImportDialog.cpp">
      <Filter>Source Files</Filter>
    </ClCompile>
    <ClCompile Include="ImportMultitermFile.cpp">
      <Filter>Source Files</Filter>
    </ClCompile>
    <ClCompile Include="InputKeyDlg.cpp">
      <Filter>Source Files</Filter>
    </ClCompile>
    <ClCompile Include="InputSymbolDlg.cpp">
      <Filter>Source Files</Filter>
    </ClCompile>
    <ClCompile Include="LanguageHolder.cpp">
      <Filter>Source Files</Filter>
    </ClCompile>
    <ClCompile Include="..\..\MyLibrary\Library.cpp">
      <Filter>Source Files</Filter>
    </ClCompile>
    <ClCompile Include="..\..\MyLibrary\logging.cpp">
      <Filter>Source Files</Filter>
    </ClCompile>
    <ClCompile Include="mainfrm.cpp">
      <Filter>Source Files</Filter>
    </ClCompile>
    <ClCompile Include="markup_strings.cpp">
      <Filter>Source Files</Filter>
    </ClCompile>
    <ClCompile Include="match_filters.cpp">
      <Filter>Source Files</Filter>
    </ClCompile>
    <ClCompile Include="match_maker.cpp">
      <Filter>Source Files</Filter>
    </ClCompile>
    <ClCompile Include="match_score.cpp">
      <Filter>Source Files</Filter>
    </ClCompile>
    <ClCompile Include="match_tester.cpp">
      <Filter>Source Files</Filter>
    </ClCompile>
    <ClCompile Include="MatchStringPairing.cpp">
      <Filter>Source Files</Filter>
    </ClCompile>
    <ClCompile Include="memory_header.cpp">
      <Filter>Source Files</Filter>
    </ClCompile>
    <ClCompile Include="memory_local.cpp">
      <Filter>Source Files</Filter>
    </ClCompile>
    <ClCompile Include="memory_model.cpp">
      <Filter>Source Files</Filter>
    </ClCompile>
    <ClCompile Include="memory_remote.cpp">
      <Filter>Source Files</Filter>
    </ClCompile>
    <ClCompile Include="MemoryManagerDlg.cpp">
      <Filter>Source Files</Filter>
    </ClCompile>
    <ClCompile Include="MinViewDlg.cpp">
      <Filter>Source Files</Filter>
    </ClCompile>
    <ClCompile Include="..\..\MyLibrary\MultiLanguage.cpp">
      <Filter>Source Files</Filter>
    </ClCompile>
    <ClCompile Include="MultitermConversionDlg.cpp">
      <Filter>Source Files</Filter>
    </ClCompile>
    <ClCompile Include="NagDialog.cpp">
      <Filter>Source Files</Filter>
    </ClCompile>
    <ClCompile Include="NavUrl.cpp">
      <Filter>Source Files</Filter>
    </ClCompile>
    <ClCompile Include="..\..\MyLibrary\numberfmt.cpp">
      <Filter>Source Files</Filter>
    </ClCompile>
    <ClCompile Include="PropertiesDlg.cpp">
      <Filter>Source Files</Filter>
    </ClCompile>
    <ClCompile Include="query.cpp">
      <Filter>Source Files</Filter>
    </ClCompile>
    <ClCompile Include="QueryMergeDlg.cpp">
      <Filter>Source Files</Filter>
    </ClCompile>
    <ClCompile Include="record.cpp">
      <Filter>Source Files</Filter>
    </ClCompile>
    <ClCompile Include="record_local.cpp">
      <Filter>Source Files</Filter>
    </ClCompile>
    <ClCompile Include="record_remote.cpp">
      <Filter>Source Files</Filter>
    </ClCompile>
    <ClCompile Include="RegisterGlossDlg.cpp">
      <Filter>Source Files</Filter>
    </ClCompile>
    <ClCompile Include="..\..\MyLibrary\RegSettings.cpp">
      <Filter>Source Files</Filter>
    </ClCompile>
    <ClCompile Include="replacer.cpp">
      <Filter>Source Files</Filter>
    </ClCompile>
    <ClCompile Include="ResHtmlFile.cpp">
      <Filter>Source Files</Filter>
    </ClCompile>
    <ClCompile Include="..\..\MyLibrary\resource_string.cpp">
      <Filter>Source Files</Filter>
    </ClCompile>
    <ClCompile Include="..\..\MyLibrary\rtf.cpp">
      <Filter>Source Files</Filter>
    </ClCompile>
    <ClCompile Include="..\..\MyLibrary\Scintilla_encodings.cpp">
      <Filter>Source Files</Filter>
    </ClCompile>
    <ClCompile Include="..\..\MyLibrary\ScintillaEdit.cpp">
      <Filter>Source Files</Filter>
    </ClCompile>
    <ClCompile Include="search_match.cpp">
      <Filter>Source Files</Filter>
    </ClCompile>
    <ClCompile Include="SearchResult.cpp">
      <Filter>Source Files</Filter>
    </ClCompile>
    <ClCompile Include="SearchWindow.cpp">
      <Filter>Source Files</Filter>
    </ClCompile>
    <ClCompile Include="SourceAndHtmlEdit.cpp">
      <Filter>Source Files</Filter>
    </ClCompile>
    <ClCompile Include="stdafx.cpp">
      <Filter>Source Files</Filter>
    </ClCompile>
    <ClCompile Include="..\..\MyLibrary\system_message.cpp">
      <Filter>Source Files</Filter>
    </ClCompile>
    <ClCompile Include="tag_name_holder.cpp">
      <Filter>Source Files</Filter>
    </ClCompile>
    <ClCompile Include="tag_test.cpp">
      <Filter>Source Files</Filter>
    </ClCompile>
    <ClCompile Include="text_templates.cpp">
      <Filter>Source Files</Filter>
    </ClCompile>
    <ClCompile Include="..\..\MyLibrary\TextTemplate.cpp">
      <Filter>Source Files</Filter>
    </ClCompile>
    <ClCompile Include="TmxImportLangsDlg.cpp">
      <Filter>Source Files</Filter>
    </ClCompile>
    <ClCompile Include="TMXReader.cpp">
      <Filter>Source Files</Filter>
    </ClCompile>
    <ClCompile Include="TmxSymbolMapper.cpp">
      <Filter>Source Files</Filter>
    </ClCompile>
    <ClCompile Include="TMXWriter.cpp">
      <Filter>Source Files</Filter>
    </ClCompile>
    <ClCompile Include="..\..\MyLibrary\xpmenu\ToolBarXP.cpp">
      <Filter>Source Files</Filter>
    </ClCompile>
    <ClCompile Include="TranslationMemory.cpp">
      <Filter>Source Files</Filter>
    </ClCompile>
    <ClCompile Include="UserStringDlg.cpp">
      <Filter>Source Files</Filter>
    </ClCompile>
    <ClCompile Include="view_interface.cpp">
      <Filter>Source Files</Filter>
    </ClCompile>
    <ClCompile Include="view_state.cpp">
      <Filter>Source Files</Filter>
    </ClCompile>
    <ClCompile Include="view_state_concordance.cpp">
      <Filter>Source Files</Filter>
    </ClCompile>
    <ClCompile Include="view_state_initial.cpp">
      <Filter>Source Files</Filter>
    </ClCompile>
    <ClCompile Include="view_state_match.cpp">
      <Filter>Source Files</Filter>
    </ClCompile>
    <ClCompile Include="view_state_new.cpp">
      <Filter>Source Files</Filter>
    </ClCompile>
    <ClCompile Include="view_state_review.cpp">
      <Filter>Source Files</Filter>
    </ClCompile>
    <ClCompile Include="ViewCollectionWalker.cpp">
      <Filter>Source Files</Filter>
    </ClCompile>
    <ClCompile Include="WebPage.cpp">
      <Filter>Source Files</Filter>
    </ClCompile>
    <ClCompile Include="..\..\MyLibrary\WideRichEdit.cpp">
      <Filter>Source Files</Filter>
    </ClCompile>
    <ClCompile Include="zoom_dialog.cpp">
      <Filter>Source Files</Filter>
    </ClCompile>
    <ClCompile Include="aboutdlg_test.cpp">
      <Filter>Source Files\tests</Filter>
    </ClCompile>
    <ClCompile Include="AdvancedMemMgrDlg_test.cpp">
      <Filter>Source Files\tests</Filter>
    </ClCompile>
    <ClCompile Include="App2_test.cpp">
      <Filter>Source Files\tests</Filter>
    </ClCompile>
    <ClCompile Include="App_test.cpp">
      <Filter>Source Files\tests</Filter>
    </ClCompile>
    <ClCompile Include="AppTemplateTests.cpp">
      <Filter>Source Files\tests</Filter>
    </ClCompile>
    <ClCompile Include="..\..\MyLibrary\array_test.cpp">
      <Filter>Source Files\tests</Filter>
    </ClCompile>
    <ClCompile Include="AutomationExceptionHandler_test.cpp">
      <Filter>Source Files\tests</Filter>
    </ClCompile>
    <ClCompile Include="charset_info_test.cpp">
      <Filter>Source Files\tests</Filter>
    </ClCompile>
    <ClCompile Include="ColorRef_test.cpp">
      <Filter>Source Files\tests</Filter>
    </ClCompile>
    <ClCompile Include="com_utilities_test.cpp">
      <Filter>Source Files\tests</Filter>
    </ClCompile>
    <ClCompile Include="CommonWindowFunctionality_test.cpp">
      <Filter>Source Files\tests</Filter>
    </ClCompile>
    <ClCompile Include="ComRecord_test.cpp">
      <Filter>Source Files\tests</Filter>
    </ClCompile>
    <ClCompile Include="ConcordanceDialog_test.cpp">
      <Filter>Source Files\tests</Filter>
    </ClCompile>
    <ClCompile Include="ConnectionDlg_test.cpp">
      <Filter>Source Files\tests</Filter>
    </ClCompile>
    <ClCompile Include="ContentPresenter_test.cpp">
      <Filter>Source Files\tests</Filter>
    </ClCompile>
    <ClCompile Include="ContentPresenterAddedTrans_test.cpp">
      <Filter>Source Files\tests</Filter>
    </ClCompile>
    <ClCompile Include="data_converter_test.cpp">
      <Filter>Source Files\tests</Filter>
    </ClCompile>
    <ClCompile Include="data_exporter_test.cpp">
      <Filter>Source Files\tests</Filter>
    </ClCompile>
    <ClCompile Include="data_importer_test.cpp">
      <Filter>Source Files\tests</Filter>
    </ClCompile>
    <ClCompile Include="demo_exception_test.cpp">
      <Filter>Source Files\tests</Filter>
    </ClCompile>
    <ClCompile Include="..\..\MyLibrary\distance_test.cpp">
      <Filter>Source Files\tests</Filter>
    </ClCompile>
    <ClCompile Include="EditModeFindDlg_test.cpp">
      <Filter>Source Files\tests</Filter>
    </ClCompile>
    <ClCompile Include="EditTransRecordDialog_test.cpp">
      <Filter>Source Files\tests</Filter>
    </ClCompile>
    <ClCompile Include="EditTransRecordDialogModal_test.cpp">
      <Filter>Source Files\tests</Filter>
    </ClCompile>
    <ClCompile Include="EditTransRecordDialogRegGloss_test.cpp">
      <Filter>Source Files\tests</Filter>
    </ClCompile>
    <ClCompile Include="element_wrapper_test.cpp">
      <Filter>Source Files\tests</Filter>
    </ClCompile>
    <ClCompile Include="excelexporter_test.cpp">
      <Filter>Source Files\tests</Filter>
    </ClCompile>
    <ClCompile Include="Exceptions_test.cpp">
      <Filter>Source Files\tests</Filter>
    </ClCompile>
    <ClCompile Include="extrastringsview_test.cpp">
      <Filter>Source Files\tests</Filter>
    </ClCompile>
    <ClCompile Include="felix_cl_options_test.cpp">
      <Filter>Source Files\tests</Filter>
    </ClCompile>
    <ClCompile Include="Felix_properties_test.cpp">
      <Filter>Source Files\tests</Filter>
    </ClCompile>
    <ClCompile Include="FelixMemDocUIHandler_test.cpp">
      <Filter>Source Files\tests</Filter>
    </ClCompile>
    <ClCompile Include="..\..\MyLibrary\File_test.cpp">
      <Filter>Source Files\tests</Filter>
    </ClCompile>
    <ClCompile Include="FindDlg_test.cpp">
      <Filter>Source Files\tests</Filter>
    </ClCompile>
    <ClCompile Include="font_tabulator_test.cpp">
      <Filter>Source Files\tests</Filter>
    </ClCompile>
    <ClCompile Include="GlossaryDialog_test.cpp">
      <Filter>Source Files\tests</Filter>
    </ClCompile>
    <ClCompile Include="HrefTags_test.cpp">
      <Filter>Source Files\tests</Filter>
    </ClCompile>
    <ClCompile Include="HtmlDocColorSetter_test.cpp">
      <Filter>Source Files\tests</Filter>
    </ClCompile>
    <ClCompile Include="HtmlDocument_test.cpp">
      <Filter>Source Files\tests</Filter>
    </ClCompile>
    <ClCompile Include="ImportDialog_test.cpp">
      <Filter>Source Files\tests</Filter>
    </ClCompile>
    <ClCompile Include="ImportMultitermFile_test.cpp">
      <Filter>Source Files\tests</Filter>
    </ClCompile>
    <ClCompile Include="InputKeyDlg_test.cpp">
      <Filter>Source Files\tests</Filter>
    </ClCompile>
    <ClCompile Include="InputSymbolDlg_test.cpp">
      <Filter>Source Files\tests</Filter>
    </ClCompile>
    <ClCompile Include="languageholder_test.cpp">
      <Filter>Source Files\tests</Filter>
    </ClCompile>
    <ClCompile Include="library_test.cpp">
      <Filter>Source Files\tests</Filter>
    </ClCompile>
    <ClCompile Include="logging_test.cpp">
      <Filter>Source Files\tests</Filter>
    </ClCompile>
    <ClCompile Include="logical_test.cpp">
      <Filter>Source Files\tests</Filter>
    </ClCompile>
    <ClCompile Include="mainframe_messaging_test.cpp">
      <Filter>Source Files\tests</Filter>
    </ClCompile>
    <ClCompile Include="MainFrameController_test.cpp">
      <Filter>Source Files\tests</Filter>
    </ClCompile>
    <ClCompile Include="mainfrm_test.cpp">
      <Filter>Source Files\tests</Filter>
    </ClCompile>
    <ClCompile Include="match_filters_searcher_test.cpp">
      <Filter>Source Files\tests</Filter>
    </ClCompile>
    <ClCompile Include="match_filters_test.cpp">
      <Filter>Source Files\tests</Filter>
    </ClCompile>
    <ClCompile Include="match_maker_test.cpp">
      <Filter>Source Files\tests</Filter>
    </ClCompile>
    <ClCompile Include="match_score_test.cpp">
      <Filter>Source Files\tests</Filter>
    </ClCompile>
    <ClCompile Include="match_tester_test.cpp">
      <Filter>Source Files\tests</Filter>
    </ClCompile>
    <ClCompile Include="MatchStringPairing_test.cpp">
      <Filter>Source Files\tests</Filter>
    </ClCompile>
    <ClCompile Include="memory_header_test.cpp">
      <Filter>Source Files\tests</Filter>
    </ClCompile>
    <ClCompile Include="memory_local_test.cpp">
      <Filter>Source Files\tests</Filter>
    </ClCompile>
    <ClCompile Include="memory_model_test.cpp">
      <Filter>Source Files\tests</Filter>
    </ClCompile>
    <ClCompile Include="memory_remote_test.cpp">
      <Filter>Source Files\tests</Filter>
    </ClCompile>
    <ClCompile Include="MemoryManagerDlg_test.cpp">
      <Filter>Source Files\tests</Filter>
    </ClCompile>
    <ClCompile Include="MinViewDlg_test.cpp">
      <Filter>Source Files\tests</Filter>
    </ClCompile>
    <ClCompile Include="miscwrappers_test.cpp">
      <Filter>Source Files\tests</Filter>
    </ClCompile>
    <ClCompile Include="MultitermConversionDlg_test.cpp">
      <Filter>Source Files\tests</Filter>
    </ClCompile>
    <ClCompile Include="NagDialog_test.cpp">
      <Filter>Source Files\tests</Filter>
    </ClCompile>
    <ClCompile Include="NavUrl_test.cpp">
      <Filter>Source Files\tests</Filter>
    </ClCompile>
    <ClCompile Include="numberfmt_test.cpp">
      <Filter>Source Files\tests</Filter>
    </ClCompile>
    <ClCompile Include="oleautowrapper_test.cpp">
      <Filter>Source Files\tests</Filter>
    </ClCompile>
    <ClCompile Include="PropertiesDlg_test.cpp">
      <Filter>Source Files\tests</Filter>
    </ClCompile>
    <ClCompile Include="query_test.cpp">
      <Filter>Source Files\tests</Filter>
    </ClCompile>
    <ClCompile Include="QueryMergeDlg_test.cpp">
      <Filter>Source Files\tests</Filter>
    </ClCompile>
    <ClCompile Include="record_local_test.cpp">
      <Filter>Source Files\tests</Filter>
    </ClCompile>
    <ClCompile Include="record_remote_test.cpp">
      <Filter>Source Files\tests</Filter>
    </ClCompile>
    <ClCompile Include="record_test.cpp">
      <Filter>Source Files\tests</Filter>
    </ClCompile>
    <ClCompile Include="RegisterGlossDlg_test.cpp">
      <Filter>Source Files\tests</Filter>
    </ClCompile>
    <ClCompile Include="replacer_test.cpp">
      <Filter>Source Files\tests</Filter>
    </ClCompile>
    <ClCompile Include="ResHtmlFile_test.cpp">
      <Filter>Source Files\tests</Filter>
    </ClCompile>
    <ClCompile Include="rtf_test.cpp">
      <Filter>Source Files\tests</Filter>
    </ClCompile>
    <ClCompile Include="ScintillaEdit_test.cpp">
      <Filter>Source Files\tests</Filter>
    </ClCompile>
    <ClCompile Include="search_match_test.cpp">
      <Filter>Source Files\tests</Filter>
    </ClCompile>
    <ClCompile Include="SearchResult_test.cpp">
      <Filter>Source Files\tests</Filter>
    </ClCompile>
    <ClCompile Include="SearchWindow_browser_test.cpp">
      <Filter>Source Files\tests</Filter>
    </ClCompile>
    <ClCompile Include="SearchWindow_templates_test.cpp">
      <Filter>Source Files\tests</Filter>
    </ClCompile>
    <ClCompile Include="SearchWindow_test.cpp">
      <Filter>Source Files\tests</Filter>
    </ClCompile>
    <ClCompile Include="segment_test.cpp">
      <Filter>Source Files\tests</Filter>
    </ClCompile>
    <ClCompile Include="sourceandhtmledit_test.cpp">
      <Filter>Source Files\tests</Filter>
    </ClCompile>
    <ClCompile Include="StringConversions_test.cpp">
      <Filter>Source Files\tests</Filter>
    </ClCompile>
    <ClCompile Include="StringEx_test.cpp">
      <Filter>Source Files\tests</Filter>
    </ClCompile>
    <ClCompile Include="system_message_test.cpp">
      <Filter>Source Files\tests</Filter>
    </ClCompile>
    <ClCompile Include="tag_stripper_test.cpp">
      <Filter>Source Files\tests</Filter>
    </ClCompile>
    <ClCompile Include="text_templates_test.cpp">
      <Filter>Source Files\tests</Filter>
    </ClCompile>
    <ClCompile Include="..\..\MyLibrary\textstream_reader_test.cpp">
      <Filter>Source Files\tests</Filter>
    </ClCompile>
    <ClCompile Include="..\..\MyLibrary\TextTemplate_test.cpp">
      <Filter>Source Files\tests</Filter>
    </ClCompile>
    <ClCompile Include="TMXReader_test.cpp">
      <Filter>Source Files\tests</Filter>
    </ClCompile>
    <ClCompile Include="TmxSymbolMapper_test.cpp">
      <Filter>Source Files\tests</Filter>
    </ClCompile>
    <ClCompile Include="TMXWriter_test.cpp">
      <Filter>Source Files\tests</Filter>
    </ClCompile>
    <ClCompile Include="translation_match_query_test.cpp">
      <Filter>Source Files\tests</Filter>
    </ClCompile>
    <ClCompile Include="TranslationMemory_test.cpp">
      <Filter>Source Files\tests</Filter>
    </ClCompile>
    <ClCompile Include="ui_test.cpp">
      <Filter>Source Files\tests</Filter>
    </ClCompile>
    <ClCompile Include="UserStringDlg_test.cpp">
      <Filter>Source Files\tests</Filter>
    </ClCompile>
    <ClCompile Include="view_interface_test.cpp">
      <Filter>Source Files\tests</Filter>
    </ClCompile>
    <ClCompile Include="view_state_concordance_test.cpp">
      <Filter>Source Files\tests</Filter>
    </ClCompile>
    <ClCompile Include="view_state_initial_test.cpp">
      <Filter>Source Files\tests</Filter>
    </ClCompile>
    <ClCompile Include="view_state_match_test.cpp">
      <Filter>Source Files\tests</Filter>
    </ClCompile>
    <ClCompile Include="view_state_new_test.cpp">
      <Filter>Source Files\tests</Filter>
    </ClCompile>
    <ClCompile Include="view_state_review_test.cpp">
      <Filter>Source Files\tests</Filter>
    </ClCompile>
    <ClCompile Include="ViewCollectionWalker_test.cpp">
      <Filter>Source Files\tests</Filter>
    </ClCompile>
    <ClCompile Include="WideRichEdit_test.cpp">
      <Filter>Source Files\tests</Filter>
    </ClCompile>
    <ClCompile Include="window_state_tests.cpp">
      <Filter>Source Files\tests</Filter>
    </ClCompile>
    <ClCompile Include="WindowsMessage_test.cpp">
      <Filter>Source Files\tests</Filter>
    </ClCompile>
    <ClCompile Include="xpmenu_test.cpp">
      <Filter>Source Files\tests</Filter>
    </ClCompile>
    <ClCompile Include="zoom_dialog_test.cpp">
      <Filter>Source Files\tests</Filter>
    </ClCompile>
    <ClCompile Include="pagination.cpp">
      <Filter>Header Files</Filter>
    </ClCompile>
    <ClCompile Include="pagination_test.cpp">
      <Filter>Header Files</Filter>
    </ClCompile>
    <ClCompile Include="TMXImportDlg.cpp">
      <Filter>Resource Files</Filter>
    </ClCompile>
    <ClCompile Include="TMXImportDlg_test.cpp">
      <Filter>Resource Files</Filter>
    </ClCompile>
  </ItemGroup>
  <ItemGroup>
    <None Include="copydata.bat">
      <Filter>Source Files</Filter>
    </None>
    <None Include="App.rgs">
      <Filter>Resource Files</Filter>
    </None>
    <None Include="App2.rgs">
      <Filter>Resource Files</Filter>
    </None>
    <None Include="res\bitmap3.bmp">
      <Filter>Resource Files</Filter>
    </None>
    <None Include="bmp00003.bmp">
      <Filter>Resource Files</Filter>
    </None>
    <None Include="bmp00004.bmp">
      <Filter>Resource Files</Filter>
    </None>
    <None Include="bmp00005.bmp">
      <Filter>Resource Files</Filter>
    </None>
    <None Include="bmp00006.bmp">
      <Filter>Resource Files</Filter>
    </None>
    <None Include="bmp00007.bmp">
      <Filter>Resource Files</Filter>
    </None>
    <None Include="correct_.bmp">
      <Filter>Resource Files</Filter>
    </None>
    <None Include="DELETE.BMP">
      <Filter>Resource Files</Filter>
    </None>
    <None Include="res\Felix.ico">
      <Filter>Resource Files</Filter>
    </None>
    <None Include="Felix.rgs">
      <Filter>Resource Files</Filter>
    </None>
    <None Include="FelixMemDocUIHandler.rgs">
      <Filter>Resource Files</Filter>
    </None>
    <None Include="get.bmp">
      <Filter>Resource Files</Filter>
    </None>
    <None Include="get_and_.bmp">
      <Filter>Resource Files</Filter>
    </None>
    <None Include="gloss_n.bmp">
      <Filter>Resource Files</Filter>
    </None>
    <None Include="help1.bmp">
      <Filter>Resource Files</Filter>
    </None>
    <None Include="res\idr_icon.ico">
      <Filter>Resource Files</Filter>
    </None>
    <None Include="lookup.bmp">
      <Filter>Resource Files</Filter>
    </None>
    <None Include="lookup_n.bmp">
      <Filter>Resource Files</Filter>
    </None>
    <None Include="lookup_t.bmp">
      <Filter>Resource Files</Filter>
    </None>
    <None Include="Parameters.rgs">
      <Filter>Resource Files</Filter>
    </None>
    <None Include="PROP.BMP">
      <Filter>Resource Files</Filter>
    </None>
    <None Include="Record.rgs">
      <Filter>Resource Files</Filter>
    </None>
    <None Include="restore_.bmp">
      <Filter>Resource Files</Filter>
    </None>
    <None Include="SearchResult.rgs">
      <Filter>Resource Files</Filter>
    </None>
    <None Include="set.bmp">
      <Filter>Resource Files</Filter>
    </None>
    <None Include="set_and_.bmp">
      <Filter>Resource Files</Filter>
    </None>
  </ItemGroup>
  <ItemGroup>
    <Midl Include="Felix.idl">
      <Filter>Source Files</Filter>
    </Midl>
  </ItemGroup>
  <ItemGroup>
    <ResourceCompile Include="Felix.rc">
      <Filter>Source Files</Filter>
    </ResourceCompile>
  </ItemGroup>
  <ItemGroup>
    <ClInclude Include="_IApp2Events_CP.h">
      <Filter>Header Files</Filter>
    </ClInclude>
    <ClInclude Include="_IRecordEvents_CP.h">
      <Filter>Header Files</Filter>
    </ClInclude>
    <ClInclude Include="..\..\MyLibrary\aboutdlg.h">
      <Filter>Header Files</Filter>
    </ClInclude>
    <ClInclude Include="AdvancedMemMgrDlg.h">
      <Filter>Header Files</Filter>
    </ClInclude>
    <ClInclude Include="App.h">
      <Filter>Header Files</Filter>
    </ClInclude>
    <ClInclude Include="App2.h">
      <Filter>Header Files</Filter>
    </ClInclude>
    <ClInclude Include="ArmadilloStuff.h">
      <Filter>Header Files</Filter>
    </ClInclude>
    <ClInclude Include="..\..\MyLibrary\array.h">
      <Filter>Header Files</Filter>
    </ClInclude>
    <ClInclude Include="..\..\MyLibrary\atlgdix.h">
      <Filter>Header Files</Filter>
    </ClInclude>
    <ClInclude Include="..\..\MyLibrary\AutomationExceptionHandler.h">
      <Filter>Header Files</Filter>
    </ClInclude>
    <ClInclude Include="..\..\MyLibrary\background_processor.h">
      <Filter>Header Files</Filter>
    </ClInclude>
    <ClInclude Include="charset_info.h">
      <Filter>Header Files</Filter>
    </ClInclude>
    <ClInclude Include="..\..\MyLibrary\ColorRef.h">
      <Filter>Header Files</Filter>
    </ClInclude>
    <ClInclude Include="CommonWindowFunctionality.h">
      <Filter>Header Files</Filter>
    </ClInclude>
    <ClInclude Include="ComRecord.h">
      <Filter>Header Files</Filter>
    </ClInclude>
    <ClInclude Include="..\..\MyLibrary\ComUtilities.h">
      <Filter>Header Files</Filter>
    </ClInclude>
    <ClInclude Include="ConcordanceDialog.h">
      <Filter>Header Files</Filter>
    </ClInclude>
    <ClInclude Include="ConnectionDlg.h">
      <Filter>Header Files</Filter>
    </ClInclude>
    <ClInclude Include="ContentPresenter.h">
      <Filter>Header Files</Filter>
    </ClInclude>
    <ClInclude Include="ContentPresenterAddedTrans.h">
      <Filter>Header Files</Filter>
    </ClInclude>
    <ClInclude Include="..\..\MyLibrary\ConvertUTF.h">
      <Filter>Header Files</Filter>
    </ClInclude>
    <ClInclude Include="CRecordLabelPickerDlg.h">
      <Filter>Header Files</Filter>
    </ClInclude>
    <ClInclude Include="..\..\MyLibrary\CStringInterface.h">
      <Filter>Header Files</Filter>
    </ClInclude>
    <ClInclude Include="..\..\MyLibrary\CustomTabCtrl.h">
      <Filter>Header Files</Filter>
    </ClInclude>
    <ClInclude Include="data_converter.h">
      <Filter>Header Files</Filter>
    </ClInclude>
    <ClInclude Include="data_exporter.h">
      <Filter>Header Files</Filter>
    </ClInclude>
    <ClInclude Include="data_importer.h">
      <Filter>Header Files</Filter>
    </ClInclude>
    <ClInclude Include="..\..\MyLibrary\debugutilities.h">
      <Filter>Header Files</Filter>
    </ClInclude>
    <ClInclude Include="DemoException.h">
      <Filter>Header Files</Filter>
    </ClInclude>
    <ClInclude Include="..\..\MyLibrary\dispatchwrapper.h">
      <Filter>Header Files</Filter>
    </ClInclude>
    <ClInclude Include="..\..\MyLibrary\distance.h">
      <Filter>Header Files</Filter>
    </ClInclude>
    <ClInclude Include="document_wrapper.h">
      <Filter>Header Files</Filter>
    </ClInclude>
    <ClInclude Include="..\..\MyLibrary\xpmenu\Draw.h">
      <Filter>Header Files</Filter>
    </ClInclude>
    <ClInclude Include="Drop.h">
      <Filter>Header Files</Filter>
    </ClInclude>
    <ClInclude Include="EditModeFindDlg.h">
      <Filter>Header Files</Filter>
    </ClInclude>
    <ClInclude Include="EditTransRecordDialog.h">
      <Filter>Header Files</Filter>
    </ClInclude>
    <ClInclude Include="EditTransRecordDialogCommon.h">
      <Filter>Header Files</Filter>
    </ClInclude>
    <ClInclude Include="EditTransRecordDialogModal.h">
      <Filter>Header Files</Filter>
    </ClInclude>
    <ClInclude Include="EditTransRecordDialogRegGloss.h">
      <Filter>Header Files</Filter>
    </ClInclude>
    <ClInclude Include="element_wrapper.h">
      <Filter>Header Files</Filter>
    </ClInclude>
    <ClInclude Include="..\..\MyLibrary\errortranslator.h">
      <Filter>Header Files</Filter>
    </ClInclude>
    <ClInclude Include="ExcelExporter.h">
      <Filter>Header Files</Filter>
    </ClInclude>
    <ClInclude Include="..\..\MyLibrary\Exceptions.h">
      <Filter>Header Files</Filter>
    </ClInclude>
    <ClInclude Include="ExtraStringsView.h">
      <Filter>Header Files</Filter>
    </ClInclude>
    <ClInclude Include="..\..\MyLibrary\fakewindow.h">
      <Filter>Header Files</Filter>
    </ClInclude>
    <ClInclude Include="felix_cl_options.h">
      <Filter>Header Files</Filter>
    </ClInclude>
    <ClInclude Include="Felix_properties.h">
      <Filter>Header Files</Filter>
    </ClInclude>
    <ClInclude Include="FelixApp.h">
      <Filter>Header Files</Filter>
    </ClInclude>
    <ClInclude Include="FelixMemDocUIHandler.h">
      <Filter>Header Files</Filter>
    </ClInclude>
    <ClInclude Include="FelixModelInterface.h">
      <Filter>Header Files</Filter>
    </ClInclude>
    <ClInclude Include="FelixStatusBar.h">
      <Filter>Header Files</Filter>
    </ClInclude>
    <ClInclude Include="..\..\MyLibrary\file.h">
      <Filter>Header Files</Filter>
    </ClInclude>
    <ClInclude Include="FileOpHandler.h">
      <Filter>Header Files</Filter>
    </ClInclude>
    <ClInclude Include="FindDlg.h">
      <Filter>Header Files</Filter>
    </ClInclude>
    <ClInclude Include="font_tabulator.h">
      <Filter>Header Files</Filter>
    </ClInclude>
    <ClInclude Include="GlossaryDialog.h">
      <Filter>Header Files</Filter>
    </ClInclude>
    <ClInclude Include="GlossaryDlgListener.h">
      <Filter>Header Files</Filter>
    </ClInclude>
    <ClInclude Include="GlossaryDlgListenerFake.h">
      <Filter>Header Files</Filter>
    </ClInclude>
    <ClInclude Include="HrefTags.h">
      <Filter>Header Files</Filter>
    </ClInclude>
    <ClInclude Include="HtmlDocColorSetter.h">
      <Filter>Header Files</Filter>
    </ClInclude>
    <ClInclude Include="..\..\MyLibrary\HtmlDocument.h">
      <Filter>Header Files</Filter>
    </ClInclude>
    <ClInclude Include="..\..\MyLibrary\HtmlView.h">
      <Filter>Header Files</Filter>
    </ClInclude>
    <ClInclude Include="ImportDialog.h">
      <Filter>Header Files</Filter>
    </ClInclude>
    <ClInclude Include="ImportMultitermFile.h">
      <Filter>Header Files</Filter>
    </ClInclude>
    <ClInclude Include="InputKeyDlg.h">
      <Filter>Header Files</Filter>
    </ClInclude>
    <ClInclude Include="InputSymbolDlg.h">
      <Filter>Header Files</Filter>
    </ClInclude>
    <ClInclude Include="LanguageHolder.h">
      <Filter>Header Files</Filter>
    </ClInclude>
    <ClInclude Include="..\..\MyLibrary\Library.h">
      <Filter>Header Files</Filter>
    </ClInclude>
    <ClInclude Include="LocalizedServerAppModule.h">
      <Filter>Header Files</Filter>
    </ClInclude>
    <ClInclude Include="..\..\MyLibrary\logging.h">
      <Filter>Header Files</Filter>
    </ClInclude>
    <ClInclude Include="..\..\MyLibrary\logical.h">
      <Filter>Header Files</Filter>
    </ClInclude>
    <ClInclude Include="MainFrameModel.h">
      <Filter>Header Files</Filter>
    </ClInclude>
    <ClInclude Include="mainfrm.h">
      <Filter>Header Files</Filter>
    </ClInclude>
    <ClInclude Include="markup_strings.h">
      <Filter>Header Files</Filter>
    </ClInclude>
    <ClInclude Include="match_filters.h">
      <Filter>Header Files</Filter>
    </ClInclude>
    <ClInclude Include="match_maker.h">
      <Filter>Header Files</Filter>
    </ClInclude>
    <ClInclude Include="match_score.h">
      <Filter>Header Files</Filter>
    </ClInclude>
    <ClInclude Include="match_tester.h">
      <Filter>Header Files</Filter>
    </ClInclude>
    <ClInclude Include="MatchStringPairing.h">
      <Filter>Header Files</Filter>
    </ClInclude>
    <ClInclude Include="..\..\MyLibrary\Matrix.h">
      <Filter>Header Files</Filter>
    </ClInclude>
    <ClInclude Include="memory_header.h">
      <Filter>Header Files</Filter>
    </ClInclude>
    <ClInclude Include="memory_info.h">
      <Filter>Header Files</Filter>
    </ClInclude>
    <ClInclude Include="memory_local.h">
      <Filter>Header Files</Filter>
    </ClInclude>
    <ClInclude Include="memory_model.h">
      <Filter>Header Files</Filter>
    </ClInclude>
    <ClInclude Include="memory_remote.h">
      <Filter>Header Files</Filter>
    </ClInclude>
    <ClInclude Include="MemoryManagerDlg.h">
      <Filter>Header Files</Filter>
    </ClInclude>
    <ClInclude Include="..\..\MyLibrary\xpmenu\MenuXP.h">
      <Filter>Header Files</Filter>
    </ClInclude>
    <ClInclude Include="..\..\MyLibrary\messagemapdefines.h">
      <Filter>Header Files</Filter>
    </ClInclude>
    <ClInclude Include="MinViewDlg.h">
      <Filter>Header Files</Filter>
    </ClInclude>
    <ClInclude Include="..\..\MyLibrary\miscwrappers.h">
      <Filter>Header Files</Filter>
    </ClInclude>
    <ClInclude Include="MockListener.h">
      <Filter>Header Files</Filter>
    </ClInclude>
    <ClInclude Include="..\..\MyLibrary\MultiLanguage.h">
      <Filter>Header Files</Filter>
    </ClInclude>
    <ClInclude Include="MultitermConversionDlg.h">
      <Filter>Header Files</Filter>
    </ClInclude>
    <ClInclude Include="MyPaneContainer.h">
      <Filter>Header Files</Filter>
    </ClInclude>
    <ClInclude Include="..\..\MyLibrary\MyRecentDocumentList.h">
      <Filter>Header Files</Filter>
    </ClInclude>
    <ClInclude Include="MySplitterWindow.h">
      <Filter>Header Files</Filter>
    </ClInclude>
    <ClInclude Include="NagDialog.h">
      <Filter>Header Files</Filter>
    </ClInclude>
    <ClInclude Include="NavInterface.h">
      <Filter>Header Files</Filter>
    </ClInclude>
    <ClInclude Include="NavUrl.h">
      <Filter>Header Files</Filter>
    </ClInclude>
    <ClInclude Include="..\..\MyLibrary\numberfmt.h">
      <Filter>Header Files</Filter>
    </ClInclude>
    <ClInclude Include="..\..\MyLibrary\oleautowrapper.h">
      <Filter>Header Files</Filter>
    </ClInclude>
    <ClInclude Include="output_device.h">
      <Filter>Header Files</Filter>
    </ClInclude>
    <ClInclude Include="pagination.h">
      <Filter>Header Files</Filter>
    </ClInclude>
    <ClInclude Include="..\..\MyLibrary\Path.h">
      <Filter>Header Files</Filter>
    </ClInclude>
    <ClInclude Include="..\..\MyLibrary\ProgressBarTestRunner.h">
      <Filter>Header Files</Filter>
    </ClInclude>
    <ClInclude Include="ProgressListener.h">
      <Filter>Header Files</Filter>
    </ClInclude>
    <ClInclude Include="PropertiesDlg.h">
      <Filter>Header Files</Filter>
    </ClInclude>
    <ClInclude Include="query.h">
      <Filter>Header Files</Filter>
    </ClInclude>
    <ClInclude Include="QueryMergeDlg.h">
      <Filter>Header Files</Filter>
    </ClInclude>
    <ClInclude Include="record.h">
      <Filter>Header Files</Filter>
    </ClInclude>
    <ClInclude Include="record_local.h">
      <Filter>Header Files</Filter>
    </ClInclude>
    <ClInclude Include="record_remote.h">
      <Filter>Header Files</Filter>
    </ClInclude>
    <ClInclude Include="..\..\MyLibrary\RegEx.h">
      <Filter>Header Files</Filter>
    </ClInclude>
    <ClInclude Include="RegisterGlossDlg.h">
      <Filter>Header Files</Filter>
    </ClInclude>
    <ClInclude Include="..\..\MyLibrary\RegistryStuff.h">
      <Filter>Header Files</Filter>
    </ClInclude>
    <ClInclude Include="..\..\MyLibrary\RegSettings.h">
      <Filter>Header Files</Filter>
    </ClInclude>
    <ClInclude Include="replacer.h">
      <Filter>Header Files</Filter>
    </ClInclude>
    <ClInclude Include="ResHtmlFile.h">
      <Filter>Header Files</Filter>
    </ClInclude>
    <ClInclude Include="resource.h">
      <Filter>Header Files</Filter>
    </ClInclude>
    <ClInclude Include="..\..\MyLibrary\resource_string.h">
      <Filter>Header Files</Filter>
    </ClInclude>
    <ClInclude Include="..\..\MyLibrary\rtf.h">
      <Filter>Header Files</Filter>
    </ClInclude>
    <ClInclude Include="..\..\MyLibrary\ScintillaEdit.h">
      <Filter>Header Files</Filter>
    </ClInclude>
    <ClInclude Include="search_match.h">
      <Filter>Header Files</Filter>
    </ClInclude>
    <ClInclude Include="SearchResult.h">
      <Filter>Header Files</Filter>
    </ClInclude>
    <ClInclude Include="SearchWindow.h">
      <Filter>Header Files</Filter>
    </ClInclude>
    <ClInclude Include="segment.h">
      <Filter>Header Files</Filter>
    </ClInclude>
    <ClInclude Include="SourceAndHtmlEdit.h">
      <Filter>Header Files</Filter>
    </ClInclude>
    <ClInclude Include="stdafx.h">
      <Filter>Header Files</Filter>
    </ClInclude>
    <ClInclude Include="..\..\MyLibrary\stringconversions.h">
      <Filter>Header Files</Filter>
    </ClInclude>
    <ClInclude Include="..\..\MyLibrary\stringex.h">
      <Filter>Header Files</Filter>
    </ClInclude>
    <ClInclude Include="..\..\MyLibrary\system_message.h">
      <Filter>Header Files</Filter>
    </ClInclude>
    <ClInclude Include="..\..\MyLibrary\tag.h">
      <Filter>Header Files</Filter>
    </ClInclude>
    <ClInclude Include="tag_name_holder.h">
      <Filter>Header Files</Filter>
    </ClInclude>
    <ClInclude Include="..\..\MyLibrary\tag_stripper.h">
      <Filter>Header Files</Filter>
    </ClInclude>
    <ClInclude Include="text_templates.h">
      <Filter>Header Files</Filter>
    </ClInclude>
    <ClInclude Include="..\..\MyLibrary\textstream_reader.h">
      <Filter>Header Files</Filter>
    </ClInclude>
    <ClInclude Include="..\..\MyLibrary\TextTemplate.h">
      <Filter>Header Files</Filter>
    </ClInclude>
    <ClInclude Include="TMXImportDlg.h">
      <Filter>Header Files</Filter>
    </ClInclude>
    <ClInclude Include="TmxImportLangsDlg.h">
      <Filter>Header Files</Filter>
    </ClInclude>
    <ClInclude Include="TMXReader.h">
      <Filter>Header Files</Filter>
    </ClInclude>
    <ClInclude Include="TmxSymbolMapper.h">
      <Filter>Header Files</Filter>
    </ClInclude>
    <ClInclude Include="TMXWriter.h">
      <Filter>Header Files</Filter>
    </ClInclude>
    <ClInclude Include="..\..\MyLibrary\xpmenu\ToolBarXP.h">
      <Filter>Header Files</Filter>
    </ClInclude>
    <ClInclude Include="..\..\MyLibrary\xpmenu\Tools.h">
      <Filter>Header Files</Filter>
    </ClInclude>
    <ClInclude Include="TranslationMemory.h">
      <Filter>Header Files</Filter>
    </ClInclude>
    <ClInclude Include="..\..\MyLibrary\ui.h">
      <Filter>Header Files</Filter>
    </ClInclude>
    <ClInclude Include="..\..\MyLibrary\UserName.h">
      <Filter>Header Files</Filter>
    </ClInclude>
    <ClInclude Include="UserStringDlg.h">
      <Filter>Header Files</Filter>
    </ClInclude>
    <ClInclude Include="view_interface.h">
      <Filter>Header Files</Filter>
    </ClInclude>
    <ClInclude Include="view_state.h">
      <Filter>Header Files</Filter>
    </ClInclude>
    <ClInclude Include="view_state_concordance.h">
      <Filter>Header Files</Filter>
    </ClInclude>
    <ClInclude Include="view_state_fake.h">
      <Filter>Header Files</Filter>
    </ClInclude>
    <ClInclude Include="view_state_initial.h">
      <Filter>Header Files</Filter>
    </ClInclude>
    <ClInclude Include="view_state_match.h">
      <Filter>Header Files</Filter>
    </ClInclude>
    <ClInclude Include="view_state_new.h">
      <Filter>Header Files</Filter>
    </ClInclude>
    <ClInclude Include="view_state_review.h">
      <Filter>Header Files</Filter>
    </ClInclude>
    <ClInclude Include="view_state_test_utils.h">
      <Filter>Header Files</Filter>
    </ClInclude>
    <ClInclude Include="ViewCollectionWalker.h">
      <Filter>Header Files</Filter>
    </ClInclude>
    <ClInclude Include="..\..\MyLibrary\WebBrowser.h">
      <Filter>Header Files</Filter>
    </ClInclude>
    <ClInclude Include="WebPage.h">
      <Filter>Header Files</Filter>
    </ClInclude>
    <ClInclude Include="..\..\MyLibrary\WideRichEdit.h">
      <Filter>Header Files</Filter>
    </ClInclude>
    <ClInclude Include="window_listener.h">
      <Filter>Header Files</Filter>
    </ClInclude>
    <ClInclude Include="..\..\MyLibrary\WindowExceptionHandler.h">
      <Filter>Header Files</Filter>
    </ClInclude>
    <ClInclude Include="WindowsMessage.h">
      <Filter>Header Files</Filter>
    </ClInclude>
    <ClInclude Include="zoom_dialog.h">
      <Filter>Header Files</Filter>
    </ClInclude>
    <ClInclude Include="document_wrapper_fake.h">
      <Filter>Header Files\fake</Filter>
    </ClInclude>
    <ClInclude Include="element_wrapper_fake.h">
      <Filter>Header Files\fake</Filter>
    </ClInclude>
    <ClInclude Include="felix_model_fake.h">
      <Filter>Header Files\fake</Filter>
    </ClInclude>
    <ClInclude Include="output_device_fake.h">
      <Filter>Header Files\fake</Filter>
    </ClInclude>
    <ClInclude Include="view_interface_fake.h">
      <Filter>Header Files\fake</Filter>
    </ClInclude>
    <ClInclude Include="window_listener_fake.h">
      <Filter>Header Files\fake</Filter>
    </ClInclude>
    <ClInclude Include="..\..\MyLibrary\easyunit\defaulttestprinter.h">
      <Filter>Header Files</Filter>
    </ClInclude>
  </ItemGroup>
  <ItemGroup>
    <CustomBuildStep Include="res\Felix.exe.manifest">
      <Filter>Resource Files</Filter>
    </CustomBuildStep>
  </ItemGroup>
</Project>