<?xml version="1.0" encoding="utf-8"?>
<Project ToolsVersion="4.0" xmlns="http://schemas.microsoft.com/developer/msbuild/2003">
  <ItemGroup>
    <Filter Include="Source Files">
      <UniqueIdentifier>{3c98fa02-3aa3-4163-94d8-f90a5a35ea12}</UniqueIdentifier>
      <Extensions>cpp;c;cxx;def;odl;idl;hpj;bat;asm</Extensions>
    </Filter>
    <Filter Include="Header Files">
      <UniqueIdentifier>{ea22585d-3434-4e61-858a-a814e304ef4c}</UniqueIdentifier>
      <Extensions>h;hpp;hxx;hm;inl;inc</Extensions>
    </Filter>
    <Filter Include="Resource Files">
      <UniqueIdentifier>{ec52adb8-77b5-4154-aa16-25f9c63a707d}</UniqueIdentifier>
      <Extensions>rc;ico;cur;bmp;dlg;rc2;rct;bin;rgs;gif;jpg;jpeg;jpe</Extensions>
    </Filter>
  </ItemGroup>
  <ItemGroup>
    <ClCompile Include="..\..\common\abbreviations.cpp">
      <Filter>Source Files</Filter>
    </ClCompile>
    <ClCompile Include="AddIn.cpp">
      <Filter>Source Files</Filter>
    </ClCompile>
    <ClCompile Include="app_state.cpp">
      <Filter>Source Files</Filter>
    </ClCompile>
    <ClCompile Include="ClipboardBackup.cpp">
      <Filter>Source Files</Filter>
    </ClCompile>
    <ClCompile Include="..\..\common\ColorRef.cpp">
      <Filter>Source Files</Filter>
    </ClCompile>
    <ClCompile Include="..\..\common\config_file.cpp">
      <Filter>Source Files</Filter>
    </ClCompile>
    <ClCompile Include="Connect.cpp">
      <Filter>Source Files</Filter>
    </ClCompile>
    <ClCompile Include="Connect_test.cpp">
      <Filter>Source Files</Filter>
    </ClCompile>
    <ClCompile Include="..\..\common\Exceptions.cpp">
      <Filter>Source Files</Filter>
    </ClCompile>
    <ClCompile Include="..\..\common\GetWinVer.cpp">
      <Filter>Source Files</Filter>
    </ClCompile>
    <ClCompile Include="globalApp.cpp">
      <Filter>Source Files</Filter>
    </ClCompile>
    <ClCompile Include="Hooker.cpp">
      <Filter>Source Files</Filter>
    </ClCompile>
    <ClCompile Include="hooker_test.cpp">
      <Filter>Source Files</Filter>
    </ClCompile>
    <ClCompile Include="..\..\common\html_formatter.cpp">
      <Filter>Source Files</Filter>
    </ClCompile>
    <ClCompile Include="..\..\common\html_processing.cpp">
      <Filter>Source Files</Filter>
    </ClCompile>
    <ClCompile Include="..\..\common\html_writer.cpp">
      <Filter>Source Files</Filter>
    </ClCompile>
    <ClCompile Include="..\..\common\input_device_file.cpp">
      <Filter>Source Files</Filter>
    </ClCompile>
    <ClCompile Include="..\..\common\keyboard_shortcuts.cpp">
      <Filter>Source Files</Filter>
    </ClCompile>
    <ClCompile Include="keyboard_shortcuts_ppt.cpp">
      <Filter>Source Files</Filter>
    </ClCompile>
    <ClCompile Include="KeyboardDriver.cpp">
      <Filter>Source Files</Filter>
    </ClCompile>
    <ClCompile Include="..\..\common\logging.cpp">
      <Filter>Source Files</Filter>
    </ClCompile>
    <ClCompile Include="menu_manip.cpp">
      <Filter>Source Files</Filter>
    </ClCompile>
    <ClCompile Include="menu_manip_test.cpp">
      <Filter>Source Files</Filter>
    </ClCompile>
    <ClCompile Include="..\..\common\Picture.cpp">
      <Filter>Source Files</Filter>
    </ClCompile>
    <ClCompile Include="PowerPointInterface.cpp">
      <Filter>Source Files</Filter>
    </ClCompile>
    <ClCompile Include="PowerPointInterface_test.cpp">
      <Filter>Source Files</Filter>
    </ClCompile>
    <ClCompile Include="PPTFormatter.cpp">
      <Filter>Source Files</Filter>
    </ClCompile>
    <ClCompile Include="PPTWriter.cpp">
      <Filter>Source Files</Filter>
    </ClCompile>
    <ClCompile Include="Properties.cpp">
      <Filter>Source Files</Filter>
    </ClCompile>
    <ClCompile Include="..\..\common\pugxml\src\pugixml.cpp">
      <Filter>Source Files</Filter>
    </ClCompile>
    <ClCompile Include="..\..\common\pugxml\src\pugixpath.cpp">
      <Filter>Source Files</Filter>
    </ClCompile>
    <ClCompile Include="..\..\common\resource_string.cpp">
      <Filter>Source Files</Filter>
    </ClCompile>
    <ClCompile Include="ShapeHolder.cpp">
      <Filter>Source Files</Filter>
    </ClCompile>
    <ClCompile Include="ShapeNavigator.cpp">
      <Filter>Source Files</Filter>
    </ClCompile>
    <ClCompile Include="ShapeParser.cpp">
      <Filter>Source Files</Filter>
    </ClCompile>
    <ClCompile Include="shapeParser_test.cpp">
      <Filter>Source Files</Filter>
    </ClCompile>
    <ClCompile Include="ShapeParsingStrategyAuto.cpp">
      <Filter>Source Files</Filter>
    </ClCompile>
    <ClCompile Include="ShapeParsingStrategyPlaceholder.cpp">
      <Filter>Source Files</Filter>
    </ClCompile>
    <ClCompile Include="ShapeParsingStrategyTable.cpp">
      <Filter>Source Files</Filter>
    </ClCompile>
    <ClCompile Include="ShapeParsingStrategyTextbox.cpp">
      <Filter>Source Files</Filter>
    </ClCompile>
    <ClCompile Include="stdafx.cpp">
      <Filter>Source Files</Filter>
    </ClCompile>
    <ClCompile Include="StrategyFactory.cpp">
      <Filter>Source Files</Filter>
    </ClCompile>
    <ClCompile Include="TextRangeParser.cpp">
      <Filter>Source Files</Filter>
    </ClCompile>
  </ItemGroup>
  <ItemGroup>
    <None Include="AddIn.def">
      <Filter>Source Files</Filter>
    </None>
    <None Include="AddIn.rgs">
      <Filter>Resource Files</Filter>
    </None>
    <None Include="bitmap1.bmp">
      <Filter>Resource Files</Filter>
    </None>
    <None Include="bmp00001.bmp">
      <Filter>Resource Files</Filter>
    </None>
    <None Include="bmp00002.bmp">
      <Filter>Resource Files</Filter>
    </None>
    <None Include="bmp00003.bmp">
      <Filter>Resource Files</Filter>
    </None>
    <None Include="bmp00004.bmp">
      <Filter>Resource Files</Filter>
    </None>
    <None Include="bmp00005.bmp">
      <Filter>Resource Files</Filter>
    </None>
    <None Include="bmp00006.bmp">
      <Filter>Resource Files</Filter>
    </None>
    <None Include="bmp00007.bmp">
      <Filter>Resource Files</Filter>
    </None>
    <None Include="correct.bmp">
      <Filter>Resource Files</Filter>
    </None>
    <None Include="correct_.bmp">
      <Filter>Resource Files</Filter>
    </None>
    <None Include="correct_and_next.bmp">
      <Filter>Resource Files</Filter>
    </None>
    <None Include="DELETE.BMP">
      <Filter>Resource Files</Filter>
    </None>
    <None Include="get.bmp">
      <Filter>Resource Files</Filter>
    </None>
    <None Include="get_and_.bmp">
      <Filter>Resource Files</Filter>
    </None>
    <None Include="gloss_n.bmp">
      <Filter>Resource Files</Filter>
    </None>
    <None Include="HELP.BMP">
      <Filter>Resource Files</Filter>
    </None>
    <None Include="help1.bmp">
      <Filter>Resource Files</Filter>
    </None>
    <None Include="lookup.bmp">
      <Filter>Resource Files</Filter>
    </None>
    <None Include="lookup_n.bmp">
      <Filter>Resource Files</Filter>
    </None>
    <None Include="lookup_next_trans.bmp">
      <Filter>Resource Files</Filter>
    </None>
    <None Include="lookup_t.bmp">
      <Filter>Resource Files</Filter>
    </None>
    <None Include="lookup_trans.bmp">
      <Filter>Resource Files</Filter>
    </None>
    <None Include="next1.bmp">
      <Filter>Resource Files</Filter>
    </None>
    <None Include="next2.bmp">
      <Filter>Resource Files</Filter>
    </None>
    <None Include="next3.bmp">
      <Filter>Resource Files</Filter>
    </None>
    <None Include="next4.bmp">
      <Filter>Resource Files</Filter>
    </None>
    <None Include="next5.bmp">
      <Filter>Resource Files</Filter>
    </None>
    <None Include="next6.bmp">
      <Filter>Resource Files</Filter>
    </None>
    <None Include="PROP.BMP">
      <Filter>Resource Files</Filter>
    </None>
    <None Include="restore.bmp">
      <Filter>Resource Files</Filter>
    </None>
    <None Include="restore_.bmp">
      <Filter>Resource Files</Filter>
    </None>
    <None Include="restore_and_next.bmp">
      <Filter>Resource Files</Filter>
    </None>
    <None Include="save.bmp">
      <Filter>Resource Files</Filter>
    </None>
    <None Include="set.bmp">
      <Filter>Resource Files</Filter>
    </None>
    <None Include="set_and_.bmp">
      <Filter>Resource Files</Filter>
    </None>
    <None Include="switch_t.bmp">
      <Filter>Resource Files</Filter>
    </None>
    <None Include="app_strings.xml" />
    <None Include="default.doxygen" />
  </ItemGroup>
  <ItemGroup>
    <Midl Include="AddIn.idl">
      <Filter>Source Files</Filter>
    </Midl>
  </ItemGroup>
  <ItemGroup>
    <ClInclude Include="..\..\common\abbreviations.h">
      <Filter>Header Files</Filter>
    </ClInclude>
    <ClInclude Include="AddGlossDialog.h">
      <Filter>Header Files</Filter>
    </ClInclude>
    <ClInclude Include="app_state.h">
      <Filter>Header Files</Filter>
    </ClInclude>
    <ClInclude Include="ClipboardBackup.h">
      <Filter>Header Files</Filter>
    </ClInclude>
  </ItemGroup>
  <ItemGroup>
    <ResourceCompile Include="AddIn.rc">
      <Filter>Resource Files</Filter>
    </ResourceCompile>
  </ItemGroup>
</Project>