<?xml version="1.0" encoding="utf-8"?>
<Project ToolsVersion="4.0" xmlns="http://schemas.microsoft.com/developer/msbuild/2003">
  <ItemGroup>
    <Filter Include="Source Files">
      <UniqueIdentifier>{f313ef97-4522-4cfe-973f-b6dedfaa16ac}</UniqueIdentifier>
      <Extensions>cpp;c;cxx;def;odl;idl;hpj;bat;asm</Extensions>
    </Filter>
    <Filter Include="Header Files">
      <UniqueIdentifier>{14391236-4faa-4695-ab9c-d6ffebd36bad}</UniqueIdentifier>
      <Extensions>h;hpp;hxx;hm;inl;inc</Extensions>
    </Filter>
    <Filter Include="Resource Files">
      <UniqueIdentifier>{76ebaaad-fc68-4758-bf01-727ca0b5d923}</UniqueIdentifier>
      <Extensions>rc;ico;cur;bmp;dlg;rc2;rct;bin;rgs;gif;jpg;jpeg;jpe</Extensions>
    </Filter>
  </ItemGroup>
  <ItemGroup>
    <ClCompile Include="..\..\common\abbreviations.cpp">
      <Filter>Source Files</Filter>
    </ClCompile>
    <ClCompile Include="AddIn.cpp">
      <Filter>Source Files</Filter>
    </ClCompile>
    <ClCompile Include="AddIn_i.c">
      <Filter>Source Files</Filter>
    </ClCompile>
    <ClCompile Include="app_state.cpp">
      <Filter>Source Files</Filter>
    </ClCompile>
    <ClCompile Include="ClipboardBackup.cpp">
      <Filter>Source Files</Filter>
    </ClCompile>
    <ClCompile Include="..\..\common\ColorRef.cpp">
      <Filter>Source Files</Filter>
    </ClCompile>
    <ClCompile Include="..\..\common\config_file.cpp">
      <Filter>Source Files</Filter>
    </ClCompile>
    <ClCompile Include="Connect.cpp">
      <Filter>Source Files</Filter>
    </ClCompile>
    <ClCompile Include="..\..\common\Exceptions.cpp">
      <Filter>Source Files</Filter>
    </ClCompile>
    <ClCompile Include="..\..\common\font_properties.cpp">
      <Filter>Source Files</Filter>
    </ClCompile>
    <ClCompile Include="..\..\common\GetWinVer.cpp">
      <Filter>Source Files</Filter>
    </ClCompile>
    <ClCompile Include="hooker.cpp">
      <Filter>Source Files</Filter>
    </ClCompile>
    <ClCompile Include="..\..\common\html_formatter.cpp">
      <Filter>Source Files</Filter>
    </ClCompile>
    <ClCompile Include="..\..\common\html_processing.cpp">
      <Filter>Source Files</Filter>
    </ClCompile>
    <ClCompile Include="..\..\common\html_writer.cpp">
      <Filter>Source Files</Filter>
    </ClCompile>
    <ClCompile Include="..\..\common\input_device_file.cpp">
      <Filter>Source Files</Filter>
    </ClCompile>
    <ClCompile Include="..\..\common\keyboard_shortcuts.cpp">
      <Filter>Source Files</Filter>
    </ClCompile>
    <ClCompile Include="keyboard_shortcuts_word.cpp">
      <Filter>Source Files</Filter>
    </ClCompile>
    <ClCompile Include="..\..\common\logging.cpp">
      <Filter>Source Files</Filter>
    </ClCompile>
    <ClCompile Include="..\..\common\Parser.cpp">
      <Filter>Source Files</Filter>
    </ClCompile>
    <ClCompile Include="Properties.cpp">
      <Filter>Source Files</Filter>
    </ClCompile>
    <ClCompile Include="..\..\common\pugxml\src\pugixml.cpp">
      <Filter>Source Files</Filter>
    </ClCompile>
    <ClCompile Include="..\..\common\pugxml\src\pugixpath.cpp">
      <Filter>Source Files</Filter>
    </ClCompile>
    <ClCompile Include="..\..\common\resource_string.cpp">
      <Filter>Source Files</Filter>
    </ClCompile>
    <ClCompile Include="stdafx.cpp">
      <Filter>Source Files</Filter>
    </ClCompile>
    <ClCompile Include="Word2HtmlParser.cpp">
      <Filter>Source Files</Filter>
    </ClCompile>
    <ClCompile Include="..\..\common\word_writer.cpp">
      <Filter>Source Files</Filter>
    </ClCompile>
    <ClCompile Include="word_writer_test.cpp">
      <Filter>Source Files</Filter>
    </ClCompile>
    <ClCompile Include="..\..\common\WordAutomationObject.cpp">
      <Filter>Source Files</Filter>
    </ClCompile>
    <ClCompile Include="WordController.cpp">
      <Filter>Source Files</Filter>
    </ClCompile>
    <ClCompile Include="WordController_test.cpp">
      <Filter>Source Files</Filter>
    </ClCompile>
    <ClCompile Include="WordControllerHtml.cpp">
      <Filter>Source Files</Filter>
    </ClCompile>
    <ClCompile Include="WordControllerWord.cpp">
      <Filter>Source Files</Filter>
    </ClCompile>
    <ClCompile Include="WordParser.cpp">
      <Filter>Source Files</Filter>
    </ClCompile>
    <ClCompile Include="WordScreenUpdateLock.cpp">
      <Filter>Source Files</Filter>
    </ClCompile>
    <ClCompile Include="..\..\common\DispatchWrapper.cpp">
      <Filter>Source Files</Filter>
    </ClCompile>
    <ClCompile Include="..\..\common\FileOpHandler.cpp">
      <Filter>Source Files</Filter>
    </ClCompile>
  </ItemGroup>
  <ItemGroup>
    <None Include="AddIn.def">
      <Filter>Source Files</Filter>
    </None>
    <None Include="AddIn.rgs">
      <Filter>Resource Files</Filter>
    </None>
    <None Include="bin00001.bin">
      <Filter>Resource Files</Filter>
    </None>
    <None Include="bin00002.bin">
      <Filter>Resource Files</Filter>
    </None>
    <None Include="bin00003.bin">
      <Filter>Resource Files</Filter>
    </None>
    <None Include="bin00004.bin">
      <Filter>Resource Files</Filter>
    </None>
    <None Include="bin00005.bin">
      <Filter>Resource Files</Filter>
    </None>
    <None Include="bin00006.bin">
      <Filter>Resource Files</Filter>
    </None>
    <None Include="bin00007.bin">
      <Filter>Resource Files</Filter>
    </None>
    <None Include="bin00008.bin">
      <Filter>Resource Files</Filter>
    </None>
    <None Include="bitmap1.bmp">
      <Filter>Resource Files</Filter>
    </None>
    <None Include="bmp00001.bmp">
      <Filter>Resource Files</Filter>
    </None>
    <None Include="correct.bmp">
      <Filter>Resource Files</Filter>
    </None>
    <None Include="correct_and_next.bmp">
      <Filter>Resource Files</Filter>
    </None>
    <None Include="DELETE.BMP">
      <Filter>Resource Files</Filter>
    </None>
    <None Include="HELP.BMP">
      <Filter>Resource Files</Filter>
    </None>
    <None Include="idb_corr.bin">
      <Filter>Resource Files</Filter>
    </None>
    <None Include="idb_get_.bin">
      <Filter>Resource Files</Filter>
    </None>
    <None Include="idb_glos.bin">
      <Filter>Resource Files</Filter>
    </None>
    <None Include="idb_help.bin">
      <Filter>Resource Files</Filter>
    </None>
    <None Include="idb_look.bin">
      <Filter>Resource Files</Filter>
    </None>
    <None Include="idb_rest.bin">
      <Filter>Resource Files</Filter>
    </None>
    <None Include="idb_save.bin">
      <Filter>Resource Files</Filter>
    </None>
    <None Include="idb_set_.bin">
      <Filter>Resource Files</Filter>
    </None>
    <None Include="idb_swit.bin">
      <Filter>Resource Files</Filter>
    </None>
    <None Include="image1.bin">
      <Filter>Resource Files</Filter>
    </None>
    <None Include="image2.bin">
      <Filter>Resource Files</Filter>
    </None>
    <None Include="lookup_next_trans.bmp">
      <Filter>Resource Files</Filter>
    </None>
    <None Include="lookup_trans.bmp">
      <Filter>Resource Files</Filter>
    </None>
    <None Include="next1.bmp">
      <Filter>Resource Files</Filter>
    </None>
    <None Include="next2.bmp">
      <Filter>Resource Files</Filter>
    </None>
    <None Include="next3.bmp">
      <Filter>Resource Files</Filter>
    </None>
    <None Include="next4.bmp">
      <Filter>Resource Files</Filter>
    </None>
    <None Include="next5.bmp">
      <Filter>Resource Files</Filter>
    </None>
    <None Include="next6.bmp">
      <Filter>Resource Files</Filter>
    </None>
    <None Include="PROP.BMP">
      <Filter>Resource Files</Filter>
    </None>
    <None Include="restore.bmp">
      <Filter>Resource Files</Filter>
    </None>
    <None Include="restore_and_next.bmp">
      <Filter>Resource Files</Filter>
    </None>
    <None Include="save.bmp">
      <Filter>Resource Files</Filter>
    </None>
    <None Include="switch_t.bmp">
      <Filter>Resource Files</Filter>
    </None>
    <None Include="Word2HtmlParser.rgs">
      <Filter>Resource Files</Filter>
    </None>
    <None Include="default.doxygen" />
  </ItemGroup>
  <ItemGroup>
    <Midl Include="AddIn.idl">
      <Filter>Source Files</Filter>
    </Midl>
  </ItemGroup>
  <ItemGroup>
    <ClInclude Include="..\..\common\abbreviations.h">
      <Filter>Header Files</Filter>
    </ClInclude>
    <ClInclude Include="AddGlossDialog.h">
      <Filter>Header Files</Filter>
    </ClInclude>
    <ClInclude Include="AddIn.h">
      <Filter>Header Files</Filter>
    </ClInclude>
    <ClInclude Include="app_state.h">
      <Filter>Header Files</Filter>
    </ClInclude>
    <ClInclude Include="ClipboardBackup.h">
      <Filter>Header Files</Filter>
    </ClInclude>
    <ClInclude Include="..\..\common\config_file.h">
      <Filter>Header Files</Filter>
    </ClInclude>
    <ClInclude Include="Connect.h">
      <Filter>Header Files</Filter>
    </ClInclude>
    <ClInclude Include="..\..\common\font_properties.h">
      <Filter>Header Files</Filter>
    </ClInclude>
    <ClInclude Include="..\..\common\GetWinVer.h">
      <Filter>Header Files</Filter>
    </ClInclude>
    <ClInclude Include="hooker.h">
      <Filter>Header Files</Filter>
    </ClInclude>
    <ClInclude Include="..\..\common\html_formatter.h">
      <Filter>Header Files</Filter>
    </ClInclude>
    <ClInclude Include="..\..\common\html_processing.h">
      <Filter>Header Files</Filter>
    </ClInclude>
    <ClInclude Include="..\..\common\html_writer.h">
      <Filter>Header Files</Filter>
    </ClInclude>
    <ClInclude Include="..\..\common\input_device.h">
      <Filter>Header Files</Filter>
    </ClInclude>
    <ClInclude Include="..\..\common\input_device_fake.h">
      <Filter>Header Files</Filter>
    </ClInclude>
    <ClInclude Include="..\..\common\input_device_file.h">
      <Filter>Header Files</Filter>
    </ClInclude>
    <ClInclude Include="InputNumDlg.h">
      <Filter>Header Files</Filter>
    </ClInclude>
    <ClInclude Include="..\..\common\key_mapper.h">
      <Filter>Header Files</Filter>
    </ClInclude>
    <ClInclude Include="key_mapper_word.h">
      <Filter>Header Files</Filter>
    </ClInclude>
    <ClInclude Include="key_target_word.h">
      <Filter>Header Files</Filter>
    </ClInclude>
    <ClInclude Include="..\..\common\keyboard_shortcuts.h">
      <Filter>Header Files</Filter>
    </ClInclude>
    <ClInclude Include="keyboard_shortcuts_word.h">
      <Filter>Header Files</Filter>
    </ClInclude>
    <ClInclude Include="KeyboardListener.h">
      <Filter>Header Files</Filter>
    </ClInclude>
    <ClInclude Include="..\..\common\numberfmt.h">
      <Filter>Header Files</Filter>
    </ClInclude>
    <ClInclude Include="..\..\common\output_device.h">
      <Filter>Header Files</Filter>
    </ClInclude>
    <ClInclude Include="Properties.h">
      <Filter>Header Files</Filter>
    </ClInclude>
    <ClInclude Include="..\..\common\pugxml\src\pugiconfig.hpp">
      <Filter>Header Files</Filter>
    </ClInclude>
    <ClInclude Include="..\..\common\pugxml\src\pugixml.hpp">
      <Filter>Header Files</Filter>
    </ClInclude>
    <ClInclude Include="Resource.h">
      <Filter>Header Files</Filter>
    </ClInclude>
    <ClInclude Include="..\..\common\resource_string.h">
      <Filter>Header Files</Filter>
    </ClInclude>
    <ClInclude Include="stdafx.h">
      <Filter>Header Files</Filter>
    </ClInclude>
    <ClInclude Include="..\..\common\stringex.h">
      <Filter>Header Files</Filter>
    </ClInclude>
    <ClInclude Include="Word2HtmlParser.h">
      <Filter>Header Files</Filter>
    </ClInclude>
    <ClInclude Include="..\..\common\word_writer.h">
      <Filter>Header Files</Filter>
    </ClInclude>
    <ClInclude Include="WordController.h">
      <Filter>Header Files</Filter>
    </ClInclude>
    <ClInclude Include="WordControllerHtml.h">
      <Filter>Header Files</Filter>
    </ClInclude>
    <ClInclude Include="WordControllerWord.h">
      <Filter>Header Files</Filter>
    </ClInclude>
    <ClInclude Include="WordParser.h">
      <Filter>Header Files</Filter>
    </ClInclude>
    <ClInclude Include="..\..\common\DumpExceptionInfo.h">
      <Filter>Header Files</Filter>
    </ClInclude>
    <ClInclude Include="WordScreenUpdateLock.h">
      <Filter>Header Files</Filter>
    </ClInclude>
    <ClInclude Include="..\..\common\FileOpHandler.h">
      <Filter>Header Files</Filter>
    </ClInclude>
  </ItemGroup>
  <ItemGroup>
    <ResourceCompile Include="AddIn.rc">
      <Filter>Resource Files</Filter>
    </ResourceCompile>
  </ItemGroup>
</Project>