<?xml version="1.0" encoding="utf-8"?>
<Project ToolsVersion="4.0" xmlns="http://schemas.microsoft.com/developer/msbuild/2003">
  <ItemGroup>
    <Filter Include="Source Files">
      <UniqueIdentifier>{4FC737F1-C7A5-4376-A066-2A32D752A2FF}</UniqueIdentifier>
      <Extensions>cpp;c;cc;cxx;def;odl;idl;hpj;bat;asm;asmx</Extensions>
    </Filter>
    <Filter Include="Header Files">
      <UniqueIdentifier>{93995380-89BD-4b04-88EB-625FBE52EBFB}</UniqueIdentifier>
      <Extensions>h;hpp;hxx;hm;inl;inc;xsd</Extensions>
    </Filter>
    <Filter Include="Resource Files">
      <UniqueIdentifier>{67DA6AB6-F800-4c08-8B7A-83BB121AAD01}</UniqueIdentifier>
      <Extensions>rc;ico;cur;bmp;dlg;rc2;rct;bin;rgs;gif;jpg;jpeg;jpe;resx;tiff;tif;png;wav</Extensions>
    </Filter>
  </ItemGroup>
  <ItemGroup>
    <ClCompile Include="..\ExcelAssist\ExcelAssist\app_state.cpp">
      <Filter>Source Files</Filter>
    </ClCompile>
    <ClCompile Include="..\ExcelAssist\ExcelAssist\app_state_test.cpp">
      <Filter>Source Files</Filter>
    </ClCompile>
    <ClCompile Include="..\ExcelAssist\ExcelAssist\AppStringEntry.cpp">
      <Filter>Source Files</Filter>
    </ClCompile>
    <ClCompile Include="..\ExcelAssist\ExcelAssist\AppStringEntry_test.cpp">
      <Filter>Source Files</Filter>
    </ClCompile>
    <ClCompile Include="..\ExcelAssist\ExcelAssist\AppStringRecordParser.cpp">
      <Filter>Source Files</Filter>
    </ClCompile>
    <ClCompile Include="..\ExcelAssist\ExcelAssist\AppStringRecordParser_test.cpp">
      <Filter>Source Files</Filter>
    </ClCompile>
    <ClCompile Include="..\ExcelAssist\ExcelAssist\appstrings.cpp">
      <Filter>Source Files</Filter>
    </ClCompile>
    <ClCompile Include="..\ExcelAssist\ExcelAssist\appstrings_test.cpp">
      <Filter>Source Files</Filter>
    </ClCompile>
    <ClCompile Include="..\ExcelAssist\ExcelAssist\AppStringTextNodeParser.cpp">
      <Filter>Source Files</Filter>
    </ClCompile>
    <ClCompile Include="..\ExcelAssist\ExcelAssist\AppStringTextNodeParser_test.cpp">
      <Filter>Source Files</Filter>
    </ClCompile>
    <ClCompile Include="..\ExcelAssist\ExcelAssist\ClipboardBackup.cpp">
      <Filter>Source Files</Filter>
    </ClCompile>
    <ClCompile Include="..\ExcelAssist\ExcelAssist\ClipboardBackup_test.cpp">
      <Filter>Source Files</Filter>
    </ClCompile>
    <ClCompile Include="..\common\config_file.cpp">
      <Filter>Source Files</Filter>
    </ClCompile>
    <ClCompile Include="config_file_test.cpp">
      <Filter>Source Files</Filter>
    </ClCompile>
    <ClCompile Include="..\ExcelAssist\ExcelAssist\DispatchWrapper_test.cpp">
      <Filter>Source Files</Filter>
    </ClCompile>
    <ClCompile Include="..\common\Exceptions.cpp">
      <Filter>Source Files</Filter>
    </ClCompile>
    <ClCompile Include="..\common\Exceptions_test.cpp">
      <Filter>Source Files</Filter>
    </ClCompile>
    <ClCompile Include="..\common\input_device_file.cpp">
      <Filter>Source Files</Filter>
    </ClCompile>
    <ClCompile Include="key_mapper_excel_test.cpp">
      <Filter>Source Files</Filter>
    </ClCompile>
    <ClCompile Include="..\common\keyboard_shortcuts.cpp">
      <Filter>Source Files</Filter>
    </ClCompile>
    <ClCompile Include="..\ExcelAssist\ExcelAssist\keyboard_shortcuts_excel.cpp">
      <Filter>Source Files</Filter>
    </ClCompile>
    <ClCompile Include="keyboard_shortcuts_excel_test.cpp">
      <Filter>Source Files</Filter>
    </ClCompile>
    <ClCompile Include="..\common\logging.cpp">
      <Filter>Source Files</Filter>
    </ClCompile>
    <ClCompile Include="..\common\pugxml\src\pugixml.cpp">
      <Filter>Source Files</Filter>
    </ClCompile>
    <ClCompile Include="..\common\pugxml\src\pugixpath.cpp">
      <Filter>Source Files</Filter>
    </ClCompile>
    <ClCompile Include="..\common\resource_string.cpp">
      <Filter>Source Files</Filter>
    </ClCompile>
    <ClCompile Include="stdafx.cpp">
      <Filter>Source Files</Filter>
    </ClCompile>
    <ClCompile Include="Test_Excel.cpp">
      <Filter>Source Files</Filter>
    </ClCompile>
  </ItemGroup>
  <ItemGroup>
    <ClInclude Include="..\ExcelAssist\ExcelAssist\app_state.h">
      <Filter>Header Files</Filter>
    </ClInclude>
    <ClInclude Include="..\ExcelAssist\ExcelAssist\AppStringEntry.h">
      <Filter>Header Files</Filter>
    </ClInclude>
    <ClInclude Include="..\ExcelAssist\ExcelAssist\AppStringRecordParser.h">
      <Filter>Header Files</Filter>
    </ClInclude>
    <ClInclude Include="..\ExcelAssist\ExcelAssist\appstrings.h">
      <Filter>Header Files</Filter>
    </ClInclude>
    <ClInclude Include="..\ExcelAssist\ExcelAssist\AppStringTextNodeParser.h">
      <Filter>Header Files</Filter>
    </ClInclude>
    <ClInclude Include="..\ExcelAssist\ExcelAssist\ClipboardBackup.h">
      <Filter>Header Files</Filter>
    </ClInclude>
    <ClInclude Include="..\common\config_file.h">
      <Filter>Header Files</Filter>
    </ClInclude>
    <ClInclude Include="..\common\Exceptions.h">
      <Filter>Header Files</Filter>
    </ClInclude>
    <ClInclude Include="..\common\input_device.h">
      <Filter>Header Files</Filter>
    </ClInclude>
    <ClInclude Include="..\common\input_device_fake.h">
      <Filter>Header Files</Filter>
    </ClInclude>
    <ClInclude Include="..\common\input_device_file.h">
      <Filter>Header Files</Filter>
    </ClInclude>
    <ClInclude Include="..\common\key_mapper.h">
      <Filter>Header Files</Filter>
    </ClInclude>
    <ClInclude Include="..\ExcelAssist\ExcelAssist\key_mapper_excel.h">
      <Filter>Header Files</Filter>
    </ClInclude>
    <ClInclude Include="..\common\key_mapper_fake.h">
      <Filter>Header Files</Filter>
    </ClInclude>
    <ClInclude Include="..\ExcelAssist\ExcelAssist\key_target_excel.h">
      <Filter>Header Files</Filter>
    </ClInclude>
    <ClInclude Include="key_target_excel_fake.h">
      <Filter>Header Files</Filter>
    </ClInclude>
    <ClInclude Include="..\common\keyboard_shortcuts.h">
      <Filter>Header Files</Filter>
    </ClInclude>
    <ClInclude Include="..\ExcelAssist\ExcelAssist\keyboard_shortcuts_excel.h">
      <Filter>Header Files</Filter>
    </ClInclude>
    <ClInclude Include="..\common\logging.h">
      <Filter>Header Files</Filter>
    </ClInclude>
    <ClInclude Include="..\common\output_device.h">
      <Filter>Header Files</Filter>
    </ClInclude>
    <ClInclude Include="..\common\pugxml\src\pugiconfig.hpp">
      <Filter>Header Files</Filter>
    </ClInclude>
    <ClInclude Include="..\common\pugxml\src\pugixml.hpp">
      <Filter>Header Files</Filter>
    </ClInclude>
    <ClInclude Include="..\common\resource_string.h">
      <Filter>Header Files</Filter>
    </ClInclude>
    <ClInclude Include="stdafx.h">
      <Filter>Header Files</Filter>
    </ClInclude>
    <ClInclude Include="targetver.h">
      <Filter>Header Files</Filter>
    </ClInclude>
  </ItemGroup>
  <ItemGroup>
    <None Include="ReadMe.txt" />
  </ItemGroup>
</Project>